// !$*UTF8*$!
{
	archiveVersion = 1;
	classes = {
	};
	objectVersion = 50;
	objects = {

/* Begin PBXBuildFile section */
		6250EC3721A693C5004F4F59 /* AppDelegate.swift in Sources */ = {isa = PBXBuildFile; fileRef = 6250EC3621A693C5004F4F59 /* AppDelegate.swift */; };
		6250EC3921A693C5004F4F59 /* ViewController.swift in Sources */ = {isa = PBXBuildFile; fileRef = 6250EC3821A693C5004F4F59 /* ViewController.swift */; };
		6250EC3C21A693C5004F4F59 /* Main.storyboard in Resources */ = {isa = PBXBuildFile; fileRef = 6250EC3A21A693C5004F4F59 /* Main.storyboard */; };
		6250EC3E21A693C7004F4F59 /* Assets.xcassets in Resources */ = {isa = PBXBuildFile; fileRef = 6250EC3D21A693C7004F4F59 /* Assets.xcassets */; };
		6250EC4121A693C7004F4F59 /* LaunchScreen.storyboard in Resources */ = {isa = PBXBuildFile; fileRef = 6250EC3F21A693C7004F4F59 /* LaunchScreen.storyboard */; };
		6250EC4C21A693C8004F4F59 /* AmbiWidget_IOSTests.swift in Sources */ = {isa = PBXBuildFile; fileRef = 6250EC4B21A693C8004F4F59 /* AmbiWidget_IOSTests.swift */; };
		6250EC5721A693C8004F4F59 /* AmbiWidget_IOSUITests.swift in Sources */ = {isa = PBXBuildFile; fileRef = 6250EC5621A693C8004F4F59 /* AmbiWidget_IOSUITests.swift */; };
		6250EC6B21A6953F004F4F59 /* NotificationCenter.framework in Frameworks */ = {isa = PBXBuildFile; fileRef = 6250EC6A21A6953E004F4F59 /* NotificationCenter.framework */; };
		6250EC7121A6953F004F4F59 /* MainInterface.storyboard in Resources */ = {isa = PBXBuildFile; fileRef = 6250EC6F21A6953F004F4F59 /* MainInterface.storyboard */; };
		6250EC7521A6953F004F4F59 /* TodayExtension.appex in Embed App Extensions */ = {isa = PBXBuildFile; fileRef = 6250EC6821A6953E004F4F59 /* TodayExtension.appex */; settings = {ATTRIBUTES = (RemoveHeadersOnCopy, ); }; };
		626B652B21AFCF3D009C0E6C /* Assets.xcassets in Resources */ = {isa = PBXBuildFile; fileRef = 6250EC3D21A693C7004F4F59 /* Assets.xcassets */; };
		626FBCFB21B666FE009A93D9 /* User.swift in Sources */ = {isa = PBXBuildFile; fileRef = 626FBCF821B666FE009A93D9 /* User.swift */; };
		626FBCFC21B666FE009A93D9 /* DeviceViewModel.swift in Sources */ = {isa = PBXBuildFile; fileRef = 626FBCF921B666FE009A93D9 /* DeviceViewModel.swift */; };
		626FBCFD21B666FE009A93D9 /* Device.swift in Sources */ = {isa = PBXBuildFile; fileRef = 626FBCFA21B666FE009A93D9 /* Device.swift */; };
		626FBD0121B66704009A93D9 /* TodayViewController.swift in Sources */ = {isa = PBXBuildFile; fileRef = 626FBCFF21B66703009A93D9 /* TodayViewController.swift */; };
		626FBD0821B6755F009A93D9 /* ComfortMode.xib in Resources */ = {isa = PBXBuildFile; fileRef = 626FBD0721B6755F009A93D9 /* ComfortMode.xib */; };
		626FBD0A21B678A5009A93D9 /* ComfortMode.swift in Sources */ = {isa = PBXBuildFile; fileRef = 626FBD0921B678A5009A93D9 /* ComfortMode.swift */; };
		627616E821B77D2F001B567A /* TemperatureMode.swift in Sources */ = {isa = PBXBuildFile; fileRef = 627616E621B77D2F001B567A /* TemperatureMode.swift */; };
		627616E921B77D2F001B567A /* TemperatureMode.xib in Resources */ = {isa = PBXBuildFile; fileRef = 627616E721B77D2F001B567A /* TemperatureMode.xib */; };
		627616F021B77DD7001B567A /* ModeSelection.swift in Sources */ = {isa = PBXBuildFile; fileRef = 627616EE21B77DD7001B567A /* ModeSelection.swift */; };
		627616F121B77DD7001B567A /* ModeSelection.xib in Resources */ = {isa = PBXBuildFile; fileRef = 627616EF21B77DD7001B567A /* ModeSelection.xib */; };
/* End PBXBuildFile section */

/* Begin PBXContainerItemProxy section */
		6250EC4821A693C8004F4F59 /* PBXContainerItemProxy */ = {
			isa = PBXContainerItemProxy;
			containerPortal = 6250EC2B21A693C5004F4F59 /* Project object */;
			proxyType = 1;
			remoteGlobalIDString = 6250EC3221A693C5004F4F59;
			remoteInfo = "AmbiWidget-IOS";
		};
		6250EC5321A693C8004F4F59 /* PBXContainerItemProxy */ = {
			isa = PBXContainerItemProxy;
			containerPortal = 6250EC2B21A693C5004F4F59 /* Project object */;
			proxyType = 1;
			remoteGlobalIDString = 6250EC3221A693C5004F4F59;
			remoteInfo = "AmbiWidget-IOS";
		};
		6250EC7321A6953F004F4F59 /* PBXContainerItemProxy */ = {
			isa = PBXContainerItemProxy;
			containerPortal = 6250EC2B21A693C5004F4F59 /* Project object */;
			proxyType = 1;
			remoteGlobalIDString = 6250EC6721A6953E004F4F59;
			remoteInfo = TodayExtension;
		};
/* End PBXContainerItemProxy section */

/* Begin PBXCopyFilesBuildPhase section */
		6250EC7921A6953F004F4F59 /* Embed App Extensions */ = {
			isa = PBXCopyFilesBuildPhase;
			buildActionMask = 2147483647;
			dstPath = "";
			dstSubfolderSpec = 13;
			files = (
				6250EC7521A6953F004F4F59 /* TodayExtension.appex in Embed App Extensions */,
			);
			name = "Embed App Extensions";
			runOnlyForDeploymentPostprocessing = 0;
		};
/* End PBXCopyFilesBuildPhase section */

/* Begin PBXFileReference section */
		620E5D1521BA70E9004E914C /* AmbiWidget-IOS.entitlements */ = {isa = PBXFileReference; lastKnownFileType = text.plist.entitlements; path = "AmbiWidget-IOS.entitlements"; sourceTree = "<group>"; };
		620E5D1621BA714B004E914C /* TodayExtension.entitlements */ = {isa = PBXFileReference; lastKnownFileType = text.plist.entitlements; path = TodayExtension.entitlements; sourceTree = "<group>"; };
		6250EC3321A693C5004F4F59 /* AmbiWidget-IOS.app */ = {isa = PBXFileReference; explicitFileType = wrapper.application; includeInIndex = 0; path = "AmbiWidget-IOS.app"; sourceTree = BUILT_PRODUCTS_DIR; };
		6250EC3621A693C5004F4F59 /* AppDelegate.swift */ = {isa = PBXFileReference; lastKnownFileType = sourcecode.swift; path = AppDelegate.swift; sourceTree = "<group>"; };
		6250EC3821A693C5004F4F59 /* ViewController.swift */ = {isa = PBXFileReference; lastKnownFileType = sourcecode.swift; path = ViewController.swift; sourceTree = "<group>"; };
		6250EC3B21A693C5004F4F59 /* Base */ = {isa = PBXFileReference; lastKnownFileType = file.storyboard; name = Base; path = Base.lproj/Main.storyboard; sourceTree = "<group>"; };
		6250EC3D21A693C7004F4F59 /* Assets.xcassets */ = {isa = PBXFileReference; lastKnownFileType = folder.assetcatalog; path = Assets.xcassets; sourceTree = "<group>"; };
		6250EC4021A693C7004F4F59 /* Base */ = {isa = PBXFileReference; lastKnownFileType = file.storyboard; name = Base; path = Base.lproj/LaunchScreen.storyboard; sourceTree = "<group>"; };
		6250EC4221A693C7004F4F59 /* Info.plist */ = {isa = PBXFileReference; lastKnownFileType = text.plist.xml; path = Info.plist; sourceTree = "<group>"; };
		6250EC4721A693C8004F4F59 /* AmbiWidget-IOSTests.xctest */ = {isa = PBXFileReference; explicitFileType = wrapper.cfbundle; includeInIndex = 0; path = "AmbiWidget-IOSTests.xctest"; sourceTree = BUILT_PRODUCTS_DIR; };
		6250EC4B21A693C8004F4F59 /* AmbiWidget_IOSTests.swift */ = {isa = PBXFileReference; lastKnownFileType = sourcecode.swift; path = AmbiWidget_IOSTests.swift; sourceTree = "<group>"; };
		6250EC4D21A693C8004F4F59 /* Info.plist */ = {isa = PBXFileReference; lastKnownFileType = text.plist.xml; path = Info.plist; sourceTree = "<group>"; };
		6250EC5221A693C8004F4F59 /* AmbiWidget-IOSUITests.xctest */ = {isa = PBXFileReference; explicitFileType = wrapper.cfbundle; includeInIndex = 0; path = "AmbiWidget-IOSUITests.xctest"; sourceTree = BUILT_PRODUCTS_DIR; };
		6250EC5621A693C8004F4F59 /* AmbiWidget_IOSUITests.swift */ = {isa = PBXFileReference; lastKnownFileType = sourcecode.swift; path = AmbiWidget_IOSUITests.swift; sourceTree = "<group>"; };
		6250EC5821A693C8004F4F59 /* Info.plist */ = {isa = PBXFileReference; lastKnownFileType = text.plist.xml; path = Info.plist; sourceTree = "<group>"; };
		6250EC6821A6953E004F4F59 /* TodayExtension.appex */ = {isa = PBXFileReference; explicitFileType = "wrapper.app-extension"; includeInIndex = 0; path = TodayExtension.appex; sourceTree = BUILT_PRODUCTS_DIR; };
		6250EC6A21A6953E004F4F59 /* NotificationCenter.framework */ = {isa = PBXFileReference; lastKnownFileType = wrapper.framework; name = NotificationCenter.framework; path = System/Library/Frameworks/NotificationCenter.framework; sourceTree = SDKROOT; };
		6250EC7021A6953F004F4F59 /* Base */ = {isa = PBXFileReference; lastKnownFileType = file.storyboard; name = Base; path = Base.lproj/MainInterface.storyboard; sourceTree = "<group>"; };
		6250EC7221A6953F004F4F59 /* Info.plist */ = {isa = PBXFileReference; lastKnownFileType = text.plist.xml; path = Info.plist; sourceTree = "<group>"; };
		626FBCF821B666FE009A93D9 /* User.swift */ = {isa = PBXFileReference; lastKnownFileType = sourcecode.swift; path = User.swift; sourceTree = "<group>"; };
		626FBCF921B666FE009A93D9 /* DeviceViewModel.swift */ = {isa = PBXFileReference; lastKnownFileType = sourcecode.swift; path = DeviceViewModel.swift; sourceTree = "<group>"; };
		626FBCFA21B666FE009A93D9 /* Device.swift */ = {isa = PBXFileReference; lastKnownFileType = sourcecode.swift; path = Device.swift; sourceTree = "<group>"; };
		626FBCFF21B66703009A93D9 /* TodayViewController.swift */ = {isa = PBXFileReference; lastKnownFileType = sourcecode.swift; path = TodayViewController.swift; sourceTree = "<group>"; };
		626FBD0721B6755F009A93D9 /* ComfortMode.xib */ = {isa = PBXFileReference; lastKnownFileType = file.xib; path = ComfortMode.xib; sourceTree = "<group>"; };
		626FBD0921B678A5009A93D9 /* ComfortMode.swift */ = {isa = PBXFileReference; lastKnownFileType = sourcecode.swift; path = ComfortMode.swift; sourceTree = "<group>"; };
		627616E621B77D2F001B567A /* TemperatureMode.swift */ = {isa = PBXFileReference; lastKnownFileType = sourcecode.swift; path = TemperatureMode.swift; sourceTree = "<group>"; };
		627616E721B77D2F001B567A /* TemperatureMode.xib */ = {isa = PBXFileReference; lastKnownFileType = file.xib; path = TemperatureMode.xib; sourceTree = "<group>"; };
		627616EE21B77DD7001B567A /* ModeSelection.swift */ = {isa = PBXFileReference; lastKnownFileType = sourcecode.swift; path = ModeSelection.swift; sourceTree = "<group>"; };
		627616EF21B77DD7001B567A /* ModeSelection.xib */ = {isa = PBXFileReference; lastKnownFileType = file.xib; path = ModeSelection.xib; sourceTree = "<group>"; };
/* End PBXFileReference section */

/* Begin PBXFrameworksBuildPhase section */
		6250EC3021A693C5004F4F59 /* Frameworks */ = {
			isa = PBXFrameworksBuildPhase;
			buildActionMask = 2147483647;
			files = (
			);
			runOnlyForDeploymentPostprocessing = 0;
		};
		6250EC4421A693C8004F4F59 /* Frameworks */ = {
			isa = PBXFrameworksBuildPhase;
			buildActionMask = 2147483647;
			files = (
			);
			runOnlyForDeploymentPostprocessing = 0;
		};
		6250EC4F21A693C8004F4F59 /* Frameworks */ = {
			isa = PBXFrameworksBuildPhase;
			buildActionMask = 2147483647;
			files = (
			);
			runOnlyForDeploymentPostprocessing = 0;
		};
		6250EC6521A6953E004F4F59 /* Frameworks */ = {
			isa = PBXFrameworksBuildPhase;
			buildActionMask = 2147483647;
			files = (
				6250EC6B21A6953F004F4F59 /* NotificationCenter.framework in Frameworks */,
			);
			runOnlyForDeploymentPostprocessing = 0;
		};
/* End PBXFrameworksBuildPhase section */

/* Begin PBXGroup section */
		620E5D1721BA767E004E914C /* ViewModel */ = {
			isa = PBXGroup;
			children = (
				626FBCF921B666FE009A93D9 /* DeviceViewModel.swift */,
			);
			path = ViewModel;
			sourceTree = "<group>";
		};
		6250EC2A21A693C5004F4F59 = {
			isa = PBXGroup;
			children = (
				6250EC3521A693C5004F4F59 /* AmbiWidget-IOS */,
				6250EC4A21A693C8004F4F59 /* AmbiWidget-IOSTests */,
				6250EC5521A693C8004F4F59 /* AmbiWidget-IOSUITests */,
				6250EC6C21A6953F004F4F59 /* TodayExtension */,
				6250EC6921A6953E004F4F59 /* Frameworks */,
				6250EC3421A693C5004F4F59 /* Products */,
			);
			sourceTree = "<group>";
		};
		6250EC3421A693C5004F4F59 /* Products */ = {
			isa = PBXGroup;
			children = (
				6250EC3321A693C5004F4F59 /* AmbiWidget-IOS.app */,
				6250EC4721A693C8004F4F59 /* AmbiWidget-IOSTests.xctest */,
				6250EC5221A693C8004F4F59 /* AmbiWidget-IOSUITests.xctest */,
				6250EC6821A6953E004F4F59 /* TodayExtension.appex */,
			);
			name = Products;
			sourceTree = "<group>";
		};
		6250EC3521A693C5004F4F59 /* AmbiWidget-IOS */ = {
			isa = PBXGroup;
			children = (
				620E5D1521BA70E9004E914C /* AmbiWidget-IOS.entitlements */,
				6250EC3621A693C5004F4F59 /* AppDelegate.swift */,
				6250EC3821A693C5004F4F59 /* ViewController.swift */,
				6250EC3A21A693C5004F4F59 /* Main.storyboard */,
				6250EC3D21A693C7004F4F59 /* Assets.xcassets */,
				6250EC3F21A693C7004F4F59 /* LaunchScreen.storyboard */,
				6250EC4221A693C7004F4F59 /* Info.plist */,
			);
			path = "AmbiWidget-IOS";
			sourceTree = "<group>";
		};
		6250EC4A21A693C8004F4F59 /* AmbiWidget-IOSTests */ = {
			isa = PBXGroup;
			children = (
				6250EC4B21A693C8004F4F59 /* AmbiWidget_IOSTests.swift */,
				6250EC4D21A693C8004F4F59 /* Info.plist */,
			);
			path = "AmbiWidget-IOSTests";
			sourceTree = "<group>";
		};
		6250EC5521A693C8004F4F59 /* AmbiWidget-IOSUITests */ = {
			isa = PBXGroup;
			children = (
				6250EC5621A693C8004F4F59 /* AmbiWidget_IOSUITests.swift */,
				6250EC5821A693C8004F4F59 /* Info.plist */,
			);
			path = "AmbiWidget-IOSUITests";
			sourceTree = "<group>";
		};
		6250EC6921A6953E004F4F59 /* Frameworks */ = {
			isa = PBXGroup;
			children = (
				6250EC6A21A6953E004F4F59 /* NotificationCenter.framework */,
			);
			name = Frameworks;
			sourceTree = "<group>";
		};
		6250EC6C21A6953F004F4F59 /* TodayExtension */ = {
			isa = PBXGroup;
			children = (
				620E5D1621BA714B004E914C /* TodayExtension.entitlements */,
				626FBD0421B66752009A93D9 /* Model */,
				620E5D1721BA767E004E914C /* ViewModel */,
				626FBD0321B6674A009A93D9 /* View */,
				626FBD0221B6673D009A93D9 /* Controller */,
				6250EC7221A6953F004F4F59 /* Info.plist */,
			);
			path = TodayExtension;
			sourceTree = "<group>";
		};
		626FBD0221B6673D009A93D9 /* Controller */ = {
			isa = PBXGroup;
			children = (
				626FBD0921B678A5009A93D9 /* ComfortMode.swift */,
				626FBCFF21B66703009A93D9 /* TodayViewController.swift */,
				627616E621B77D2F001B567A /* TemperatureMode.swift */,
				627616EE21B77DD7001B567A /* ModeSelection.swift */,
			);
			path = Controller;
			sourceTree = "<group>";
		};
		626FBD0321B6674A009A93D9 /* View */ = {
			isa = PBXGroup;
			children = (
				627616E721B77D2F001B567A /* TemperatureMode.xib */,
				626FBD0721B6755F009A93D9 /* ComfortMode.xib */,
				627616EF21B77DD7001B567A /* ModeSelection.xib */,
				6250EC6F21A6953F004F4F59 /* MainInterface.storyboard */,
			);
			path = View;
			sourceTree = "<group>";
		};
		626FBD0421B66752009A93D9 /* Model */ = {
			isa = PBXGroup;
			children = (
				626FBCFA21B666FE009A93D9 /* Device.swift */,
				626FBCF821B666FE009A93D9 /* User.swift */,
			);
			path = Model;
			sourceTree = "<group>";
		};
/* End PBXGroup section */

/* Begin PBXNativeTarget section */
		6250EC3221A693C5004F4F59 /* AmbiWidget-IOS */ = {
			isa = PBXNativeTarget;
			buildConfigurationList = 6250EC5B21A693C8004F4F59 /* Build configuration list for PBXNativeTarget "AmbiWidget-IOS" */;
			buildPhases = (
				6250EC2F21A693C5004F4F59 /* Sources */,
				6250EC3021A693C5004F4F59 /* Frameworks */,
				6250EC3121A693C5004F4F59 /* Resources */,
				6250EC7921A6953F004F4F59 /* Embed App Extensions */,
			);
			buildRules = (
			);
			dependencies = (
				6250EC7421A6953F004F4F59 /* PBXTargetDependency */,
			);
			name = "AmbiWidget-IOS";
			productName = "AmbiWidget-IOS";
			productReference = 6250EC3321A693C5004F4F59 /* AmbiWidget-IOS.app */;
			productType = "com.apple.product-type.application";
		};
		6250EC4621A693C8004F4F59 /* AmbiWidget-IOSTests */ = {
			isa = PBXNativeTarget;
			buildConfigurationList = 6250EC5E21A693C8004F4F59 /* Build configuration list for PBXNativeTarget "AmbiWidget-IOSTests" */;
			buildPhases = (
				6250EC4321A693C8004F4F59 /* Sources */,
				6250EC4421A693C8004F4F59 /* Frameworks */,
				6250EC4521A693C8004F4F59 /* Resources */,
			);
			buildRules = (
			);
			dependencies = (
				6250EC4921A693C8004F4F59 /* PBXTargetDependency */,
			);
			name = "AmbiWidget-IOSTests";
			productName = "AmbiWidget-IOSTests";
			productReference = 6250EC4721A693C8004F4F59 /* AmbiWidget-IOSTests.xctest */;
			productType = "com.apple.product-type.bundle.unit-test";
		};
		6250EC5121A693C8004F4F59 /* AmbiWidget-IOSUITests */ = {
			isa = PBXNativeTarget;
			buildConfigurationList = 6250EC6121A693C8004F4F59 /* Build configuration list for PBXNativeTarget "AmbiWidget-IOSUITests" */;
			buildPhases = (
				6250EC4E21A693C8004F4F59 /* Sources */,
				6250EC4F21A693C8004F4F59 /* Frameworks */,
				6250EC5021A693C8004F4F59 /* Resources */,
			);
			buildRules = (
			);
			dependencies = (
				6250EC5421A693C8004F4F59 /* PBXTargetDependency */,
			);
			name = "AmbiWidget-IOSUITests";
			productName = "AmbiWidget-IOSUITests";
			productReference = 6250EC5221A693C8004F4F59 /* AmbiWidget-IOSUITests.xctest */;
			productType = "com.apple.product-type.bundle.ui-testing";
		};
		6250EC6721A6953E004F4F59 /* TodayExtension */ = {
			isa = PBXNativeTarget;
			buildConfigurationList = 6250EC7821A6953F004F4F59 /* Build configuration list for PBXNativeTarget "TodayExtension" */;
			buildPhases = (
				6250EC6421A6953E004F4F59 /* Sources */,
				6250EC6521A6953E004F4F59 /* Frameworks */,
				6250EC6621A6953E004F4F59 /* Resources */,
			);
			buildRules = (
			);
			dependencies = (
			);
			name = TodayExtension;
			productName = TodayExtension;
			productReference = 6250EC6821A6953E004F4F59 /* TodayExtension.appex */;
			productType = "com.apple.product-type.app-extension";
		};
/* End PBXNativeTarget section */

/* Begin PBXProject section */
		6250EC2B21A693C5004F4F59 /* Project object */ = {
			isa = PBXProject;
			attributes = {
				LastSwiftUpdateCheck = 1010;
				LastUpgradeCheck = 1010;
				ORGANIZATIONNAME = tonglaicha;
				TargetAttributes = {
					6250EC3221A693C5004F4F59 = {
						CreatedOnToolsVersion = 10.1;
						SystemCapabilities = {
							com.apple.ApplicationGroups.iOS = {
								enabled = 1;
							};
						};
					};
					6250EC4621A693C8004F4F59 = {
						CreatedOnToolsVersion = 10.1;
						TestTargetID = 6250EC3221A693C5004F4F59;
					};
					6250EC5121A693C8004F4F59 = {
						CreatedOnToolsVersion = 10.1;
						TestTargetID = 6250EC3221A693C5004F4F59;
					};
					6250EC6721A6953E004F4F59 = {
						CreatedOnToolsVersion = 10.1;
						LastSwiftMigration = 1010;
						SystemCapabilities = {
							com.apple.ApplicationGroups.iOS = {
								enabled = 1;
							};
						};
					};
				};
			};
			buildConfigurationList = 6250EC2E21A693C5004F4F59 /* Build configuration list for PBXProject "AmbiWidget-IOS" */;
			compatibilityVersion = "Xcode 9.3";
			developmentRegion = en;
			hasScannedForEncodings = 0;
			knownRegions = (
				en,
				Base,
			);
			mainGroup = 6250EC2A21A693C5004F4F59;
			productRefGroup = 6250EC3421A693C5004F4F59 /* Products */;
			projectDirPath = "";
			projectRoot = "";
			targets = (
				6250EC3221A693C5004F4F59 /* AmbiWidget-IOS */,
				6250EC4621A693C8004F4F59 /* AmbiWidget-IOSTests */,
				6250EC5121A693C8004F4F59 /* AmbiWidget-IOSUITests */,
				6250EC6721A6953E004F4F59 /* TodayExtension */,
			);
		};
/* End PBXProject section */

/* Begin PBXResourcesBuildPhase section */
		6250EC3121A693C5004F4F59 /* Resources */ = {
			isa = PBXResourcesBuildPhase;
			buildActionMask = 2147483647;
			files = (
				6250EC4121A693C7004F4F59 /* LaunchScreen.storyboard in Resources */,
				6250EC3E21A693C7004F4F59 /* Assets.xcassets in Resources */,
				6250EC3C21A693C5004F4F59 /* Main.storyboard in Resources */,
			);
			runOnlyForDeploymentPostprocessing = 0;
		};
		6250EC4521A693C8004F4F59 /* Resources */ = {
			isa = PBXResourcesBuildPhase;
			buildActionMask = 2147483647;
			files = (
			);
			runOnlyForDeploymentPostprocessing = 0;
		};
		6250EC5021A693C8004F4F59 /* Resources */ = {
			isa = PBXResourcesBuildPhase;
			buildActionMask = 2147483647;
			files = (
			);
			runOnlyForDeploymentPostprocessing = 0;
		};
		6250EC6621A6953E004F4F59 /* Resources */ = {
			isa = PBXResourcesBuildPhase;
			buildActionMask = 2147483647;
			files = (
				626B652B21AFCF3D009C0E6C /* Assets.xcassets in Resources */,
				627616F121B77DD7001B567A /* ModeSelection.xib in Resources */,
				626FBD0821B6755F009A93D9 /* ComfortMode.xib in Resources */,
				6250EC7121A6953F004F4F59 /* MainInterface.storyboard in Resources */,
				627616E921B77D2F001B567A /* TemperatureMode.xib in Resources */,
			);
			runOnlyForDeploymentPostprocessing = 0;
		};
/* End PBXResourcesBuildPhase section */

/* Begin PBXSourcesBuildPhase section */
		6250EC2F21A693C5004F4F59 /* Sources */ = {
			isa = PBXSourcesBuildPhase;
			buildActionMask = 2147483647;
			files = (
				6250EC3921A693C5004F4F59 /* ViewController.swift in Sources */,
				6250EC3721A693C5004F4F59 /* AppDelegate.swift in Sources */,
			);
			runOnlyForDeploymentPostprocessing = 0;
		};
		6250EC4321A693C8004F4F59 /* Sources */ = {
			isa = PBXSourcesBuildPhase;
			buildActionMask = 2147483647;
			files = (
				6250EC4C21A693C8004F4F59 /* AmbiWidget_IOSTests.swift in Sources */,
			);
			runOnlyForDeploymentPostprocessing = 0;
		};
		6250EC4E21A693C8004F4F59 /* Sources */ = {
			isa = PBXSourcesBuildPhase;
			buildActionMask = 2147483647;
			files = (
				6250EC5721A693C8004F4F59 /* AmbiWidget_IOSUITests.swift in Sources */,
			);
			runOnlyForDeploymentPostprocessing = 0;
		};
		6250EC6421A6953E004F4F59 /* Sources */ = {
			isa = PBXSourcesBuildPhase;
			buildActionMask = 2147483647;
			files = (
				626FBCFB21B666FE009A93D9 /* User.swift in Sources */,
				627616F021B77DD7001B567A /* ModeSelection.swift in Sources */,
				626FBCFD21B666FE009A93D9 /* Device.swift in Sources */,
				627616E821B77D2F001B567A /* TemperatureMode.swift in Sources */,
				626FBD0121B66704009A93D9 /* TodayViewController.swift in Sources */,
				626FBD0A21B678A5009A93D9 /* ComfortMode.swift in Sources */,
				626FBCFC21B666FE009A93D9 /* DeviceViewModel.swift in Sources */,
			);
			runOnlyForDeploymentPostprocessing = 0;
		};
/* End PBXSourcesBuildPhase section */

/* Begin PBXTargetDependency section */
		6250EC4921A693C8004F4F59 /* PBXTargetDependency */ = {
			isa = PBXTargetDependency;
			target = 6250EC3221A693C5004F4F59 /* AmbiWidget-IOS */;
			targetProxy = 6250EC4821A693C8004F4F59 /* PBXContainerItemProxy */;
		};
		6250EC5421A693C8004F4F59 /* PBXTargetDependency */ = {
			isa = PBXTargetDependency;
			target = 6250EC3221A693C5004F4F59 /* AmbiWidget-IOS */;
			targetProxy = 6250EC5321A693C8004F4F59 /* PBXContainerItemProxy */;
		};
		6250EC7421A6953F004F4F59 /* PBXTargetDependency */ = {
			isa = PBXTargetDependency;
			target = 6250EC6721A6953E004F4F59 /* TodayExtension */;
			targetProxy = 6250EC7321A6953F004F4F59 /* PBXContainerItemProxy */;
		};
/* End PBXTargetDependency section */

/* Begin PBXVariantGroup section */
		6250EC3A21A693C5004F4F59 /* Main.storyboard */ = {
			isa = PBXVariantGroup;
			children = (
				6250EC3B21A693C5004F4F59 /* Base */,
			);
			name = Main.storyboard;
			sourceTree = "<group>";
		};
		6250EC3F21A693C7004F4F59 /* LaunchScreen.storyboard */ = {
			isa = PBXVariantGroup;
			children = (
				6250EC4021A693C7004F4F59 /* Base */,
			);
			name = LaunchScreen.storyboard;
			sourceTree = "<group>";
		};
		6250EC6F21A6953F004F4F59 /* MainInterface.storyboard */ = {
			isa = PBXVariantGroup;
			children = (
				6250EC7021A6953F004F4F59 /* Base */,
			);
			name = MainInterface.storyboard;
			sourceTree = "<group>";
		};
/* End PBXVariantGroup section */

/* Begin XCBuildConfiguration section */
		6250EC5921A693C8004F4F59 /* Debug */ = {
			isa = XCBuildConfiguration;
			buildSettings = {
				ALWAYS_SEARCH_USER_PATHS = NO;
				CLANG_ANALYZER_NONNULL = YES;
				CLANG_ANALYZER_NUMBER_OBJECT_CONVERSION = YES_AGGRESSIVE;
				CLANG_CXX_LANGUAGE_STANDARD = "gnu++14";
				CLANG_CXX_LIBRARY = "libc++";
				CLANG_ENABLE_MODULES = YES;
				CLANG_ENABLE_OBJC_ARC = YES;
				CLANG_ENABLE_OBJC_WEAK = YES;
				CLANG_WARN_BLOCK_CAPTURE_AUTORELEASING = YES;
				CLANG_WARN_BOOL_CONVERSION = YES;
				CLANG_WARN_COMMA = YES;
				CLANG_WARN_CONSTANT_CONVERSION = YES;
				CLANG_WARN_DEPRECATED_OBJC_IMPLEMENTATIONS = YES;
				CLANG_WARN_DIRECT_OBJC_ISA_USAGE = YES_ERROR;
				CLANG_WARN_DOCUMENTATION_COMMENTS = YES;
				CLANG_WARN_EMPTY_BODY = YES;
				CLANG_WARN_ENUM_CONVERSION = YES;
				CLANG_WARN_INFINITE_RECURSION = YES;
				CLANG_WARN_INT_CONVERSION = YES;
				CLANG_WARN_NON_LITERAL_NULL_CONVERSION = YES;
				CLANG_WARN_OBJC_IMPLICIT_RETAIN_SELF = YES;
				CLANG_WARN_OBJC_LITERAL_CONVERSION = YES;
				CLANG_WARN_OBJC_ROOT_CLASS = YES_ERROR;
				CLANG_WARN_RANGE_LOOP_ANALYSIS = YES;
				CLANG_WARN_STRICT_PROTOTYPES = YES;
				CLANG_WARN_SUSPICIOUS_MOVE = YES;
				CLANG_WARN_UNGUARDED_AVAILABILITY = YES_AGGRESSIVE;
				CLANG_WARN_UNREACHABLE_CODE = YES;
				CLANG_WARN__DUPLICATE_METHOD_MATCH = YES;
				CODE_SIGN_IDENTITY = "iPhone Developer";
				COPY_PHASE_STRIP = NO;
				DEBUG_INFORMATION_FORMAT = dwarf;
				ENABLE_STRICT_OBJC_MSGSEND = YES;
				ENABLE_TESTABILITY = YES;
				GCC_C_LANGUAGE_STANDARD = gnu11;
				GCC_DYNAMIC_NO_PIC = NO;
				GCC_NO_COMMON_BLOCKS = YES;
				GCC_OPTIMIZATION_LEVEL = 0;
				GCC_PREPROCESSOR_DEFINITIONS = (
					"DEBUG=1",
					"$(inherited)",
				);
				GCC_WARN_64_TO_32_BIT_CONVERSION = YES;
				GCC_WARN_ABOUT_RETURN_TYPE = YES_ERROR;
				GCC_WARN_UNDECLARED_SELECTOR = YES;
				GCC_WARN_UNINITIALIZED_AUTOS = YES_AGGRESSIVE;
				GCC_WARN_UNUSED_FUNCTION = YES;
				GCC_WARN_UNUSED_VARIABLE = YES;
				IPHONEOS_DEPLOYMENT_TARGET = 12.1;
				MTL_ENABLE_DEBUG_INFO = INCLUDE_SOURCE;
				MTL_FAST_MATH = YES;
				ONLY_ACTIVE_ARCH = YES;
				SDKROOT = iphoneos;
				SWIFT_ACTIVE_COMPILATION_CONDITIONS = DEBUG;
				SWIFT_OPTIMIZATION_LEVEL = "-Onone";
			};
			name = Debug;
		};
		6250EC5A21A693C8004F4F59 /* Release */ = {
			isa = XCBuildConfiguration;
			buildSettings = {
				ALWAYS_SEARCH_USER_PATHS = NO;
				CLANG_ANALYZER_NONNULL = YES;
				CLANG_ANALYZER_NUMBER_OBJECT_CONVERSION = YES_AGGRESSIVE;
				CLANG_CXX_LANGUAGE_STANDARD = "gnu++14";
				CLANG_CXX_LIBRARY = "libc++";
				CLANG_ENABLE_MODULES = YES;
				CLANG_ENABLE_OBJC_ARC = YES;
				CLANG_ENABLE_OBJC_WEAK = YES;
				CLANG_WARN_BLOCK_CAPTURE_AUTORELEASING = YES;
				CLANG_WARN_BOOL_CONVERSION = YES;
				CLANG_WARN_COMMA = YES;
				CLANG_WARN_CONSTANT_CONVERSION = YES;
				CLANG_WARN_DEPRECATED_OBJC_IMPLEMENTATIONS = YES;
				CLANG_WARN_DIRECT_OBJC_ISA_USAGE = YES_ERROR;
				CLANG_WARN_DOCUMENTATION_COMMENTS = YES;
				CLANG_WARN_EMPTY_BODY = YES;
				CLANG_WARN_ENUM_CONVERSION = YES;
				CLANG_WARN_INFINITE_RECURSION = YES;
				CLANG_WARN_INT_CONVERSION = YES;
				CLANG_WARN_NON_LITERAL_NULL_CONVERSION = YES;
				CLANG_WARN_OBJC_IMPLICIT_RETAIN_SELF = YES;
				CLANG_WARN_OBJC_LITERAL_CONVERSION = YES;
				CLANG_WARN_OBJC_ROOT_CLASS = YES_ERROR;
				CLANG_WARN_RANGE_LOOP_ANALYSIS = YES;
				CLANG_WARN_STRICT_PROTOTYPES = YES;
				CLANG_WARN_SUSPICIOUS_MOVE = YES;
				CLANG_WARN_UNGUARDED_AVAILABILITY = YES_AGGRESSIVE;
				CLANG_WARN_UNREACHABLE_CODE = YES;
				CLANG_WARN__DUPLICATE_METHOD_MATCH = YES;
				CODE_SIGN_IDENTITY = "iPhone Developer";
				COPY_PHASE_STRIP = NO;
				DEBUG_INFORMATION_FORMAT = "dwarf-with-dsym";
				ENABLE_NS_ASSERTIONS = NO;
				ENABLE_STRICT_OBJC_MSGSEND = YES;
				GCC_C_LANGUAGE_STANDARD = gnu11;
				GCC_NO_COMMON_BLOCKS = YES;
				GCC_WARN_64_TO_32_BIT_CONVERSION = YES;
				GCC_WARN_ABOUT_RETURN_TYPE = YES_ERROR;
				GCC_WARN_UNDECLARED_SELECTOR = YES;
				GCC_WARN_UNINITIALIZED_AUTOS = YES_AGGRESSIVE;
				GCC_WARN_UNUSED_FUNCTION = YES;
				GCC_WARN_UNUSED_VARIABLE = YES;
				IPHONEOS_DEPLOYMENT_TARGET = 12.1;
				MTL_ENABLE_DEBUG_INFO = NO;
				MTL_FAST_MATH = YES;
				SDKROOT = iphoneos;
				SWIFT_COMPILATION_MODE = wholemodule;
				SWIFT_OPTIMIZATION_LEVEL = "-O";
				VALIDATE_PRODUCT = YES;
			};
			name = Release;
		};
		6250EC5C21A693C8004F4F59 /* Debug */ = {
			isa = XCBuildConfiguration;
			buildSettings = {
				ALWAYS_EMBED_SWIFT_STANDARD_LIBRARIES = YES;
				ASSETCATALOG_COMPILER_APPICON_NAME = AppIcon;
				CODE_SIGN_ENTITLEMENTS = "AmbiWidget-IOS/AmbiWidget-IOS.entitlements";
				CODE_SIGN_STYLE = Automatic;
				DEVELOPMENT_TEAM = 35Q5NRK74B;
				INFOPLIST_FILE = "AmbiWidget-IOS/Info.plist";
				LD_RUNPATH_SEARCH_PATHS = (
					"$(inherited)",
					"@executable_path/Frameworks",
				);
				PRODUCT_BUNDLE_IDENTIFIER = "brandonmilan.tonglaicha.AmbiWidget-IOS";
				PRODUCT_NAME = "$(TARGET_NAME)";
				SWIFT_VERSION = 4.2;
				TARGETED_DEVICE_FAMILY = "1,2";
			};
			name = Debug;
		};
		6250EC5D21A693C8004F4F59 /* Release */ = {
			isa = XCBuildConfiguration;
			buildSettings = {
				ALWAYS_EMBED_SWIFT_STANDARD_LIBRARIES = YES;
				ASSETCATALOG_COMPILER_APPICON_NAME = AppIcon;
				CODE_SIGN_ENTITLEMENTS = "AmbiWidget-IOS/AmbiWidget-IOS.entitlements";
				CODE_SIGN_STYLE = Automatic;
				DEVELOPMENT_TEAM = 35Q5NRK74B;
				INFOPLIST_FILE = "AmbiWidget-IOS/Info.plist";
				LD_RUNPATH_SEARCH_PATHS = (
					"$(inherited)",
					"@executable_path/Frameworks",
				);
				PRODUCT_BUNDLE_IDENTIFIER = "brandonmilan.tonglaicha.AmbiWidget-IOS";
				PRODUCT_NAME = "$(TARGET_NAME)";
				SWIFT_VERSION = 4.2;
				TARGETED_DEVICE_FAMILY = "1,2";
			};
			name = Release;
		};
		6250EC5F21A693C8004F4F59 /* Debug */ = {
			isa = XCBuildConfiguration;
			buildSettings = {
				ALWAYS_EMBED_SWIFT_STANDARD_LIBRARIES = YES;
				BUNDLE_LOADER = "$(TEST_HOST)";
				CODE_SIGN_STYLE = Automatic;
				INFOPLIST_FILE = "AmbiWidget-IOSTests/Info.plist";
				LD_RUNPATH_SEARCH_PATHS = (
					"$(inherited)",
					"@executable_path/Frameworks",
					"@loader_path/Frameworks",
				);
				PRODUCT_BUNDLE_IDENTIFIER = "brandonmilan.tonglaicha.AmbiWidget-IOSTests";
				PRODUCT_NAME = "$(TARGET_NAME)";
				SWIFT_VERSION = 4.2;
				TARGETED_DEVICE_FAMILY = "1,2";
				TEST_HOST = "$(BUILT_PRODUCTS_DIR)/AmbiWidget-IOS.app/AmbiWidget-IOS";
			};
			name = Debug;
		};
		6250EC6021A693C8004F4F59 /* Release */ = {
			isa = XCBuildConfiguration;
			buildSettings = {
				ALWAYS_EMBED_SWIFT_STANDARD_LIBRARIES = YES;
				BUNDLE_LOADER = "$(TEST_HOST)";
				CODE_SIGN_STYLE = Automatic;
				INFOPLIST_FILE = "AmbiWidget-IOSTests/Info.plist";
				LD_RUNPATH_SEARCH_PATHS = (
					"$(inherited)",
					"@executable_path/Frameworks",
					"@loader_path/Frameworks",
				);
				PRODUCT_BUNDLE_IDENTIFIER = "brandonmilan.tonglaicha.AmbiWidget-IOSTests";
				PRODUCT_NAME = "$(TARGET_NAME)";
				SWIFT_VERSION = 4.2;
				TARGETED_DEVICE_FAMILY = "1,2";
				TEST_HOST = "$(BUILT_PRODUCTS_DIR)/AmbiWidget-IOS.app/AmbiWidget-IOS";
			};
			name = Release;
		};
		6250EC6221A693C8004F4F59 /* Debug */ = {
			isa = XCBuildConfiguration;
			buildSettings = {
				ALWAYS_EMBED_SWIFT_STANDARD_LIBRARIES = YES;
				CODE_SIGN_STYLE = Automatic;
				INFOPLIST_FILE = "AmbiWidget-IOSUITests/Info.plist";
				LD_RUNPATH_SEARCH_PATHS = (
					"$(inherited)",
					"@executable_path/Frameworks",
					"@loader_path/Frameworks",
				);
				PRODUCT_BUNDLE_IDENTIFIER = "brandonmilan.tonglaicha.AmbiWidget-IOSUITests";
				PRODUCT_NAME = "$(TARGET_NAME)";
				SWIFT_VERSION = 4.2;
				TARGETED_DEVICE_FAMILY = "1,2";
				TEST_TARGET_NAME = "AmbiWidget-IOS";
			};
			name = Debug;
		};
		6250EC6321A693C8004F4F59 /* Release */ = {
			isa = XCBuildConfiguration;
			buildSettings = {
				ALWAYS_EMBED_SWIFT_STANDARD_LIBRARIES = YES;
				CODE_SIGN_STYLE = Automatic;
				INFOPLIST_FILE = "AmbiWidget-IOSUITests/Info.plist";
				LD_RUNPATH_SEARCH_PATHS = (
					"$(inherited)",
					"@executable_path/Frameworks",
					"@loader_path/Frameworks",
				);
				PRODUCT_BUNDLE_IDENTIFIER = "brandonmilan.tonglaicha.AmbiWidget-IOSUITests";
				PRODUCT_NAME = "$(TARGET_NAME)";
				SWIFT_VERSION = 4.2;
				TARGETED_DEVICE_FAMILY = "1,2";
				TEST_TARGET_NAME = "AmbiWidget-IOS";
			};
			name = Release;
		};
		6250EC7621A6953F004F4F59 /* Debug */ = {
			isa = XCBuildConfiguration;
			buildSettings = {
				CLANG_ENABLE_MODULES = YES;
				CODE_SIGN_ENTITLEMENTS = TodayExtension/TodayExtension.entitlements;
				CODE_SIGN_STYLE = Automatic;
				DEVELOPMENT_TEAM = 35Q5NRK74B;
				INFOPLIST_FILE = TodayExtension/Info.plist;
				LD_RUNPATH_SEARCH_PATHS = (
					"$(inherited)",
					"@executable_path/Frameworks",
					"@executable_path/../../Frameworks",
				);
				PRODUCT_BUNDLE_IDENTIFIER = "brandonmilan.tonglaicha.AmbiWidget-IOS.TodayExtension";
				PRODUCT_NAME = "$(TARGET_NAME)";
				SKIP_INSTALL = YES;
				SWIFT_OPTIMIZATION_LEVEL = "-Onone";
				SWIFT_VERSION = 4.2;
				TARGETED_DEVICE_FAMILY = "1,2";
			};
			name = Debug;
		};
		6250EC7721A6953F004F4F59 /* Release */ = {
			isa = XCBuildConfiguration;
			buildSettings = {
				CLANG_ENABLE_MODULES = YES;
				CODE_SIGN_ENTITLEMENTS = TodayExtension/TodayExtension.entitlements;
				CODE_SIGN_STYLE = Automatic;
				DEVELOPMENT_TEAM = 35Q5NRK74B;
				INFOPLIST_FILE = TodayExtension/Info.plist;
				LD_RUNPATH_SEARCH_PATHS = (
					"$(inherited)",
					"@executable_path/Frameworks",
					"@executable_path/../../Frameworks",
				);
				PRODUCT_BUNDLE_IDENTIFIER = "brandonmilan.tonglaicha.AmbiWidget-IOS.TodayExtension";
				PRODUCT_NAME = "$(TARGET_NAME)";
				SKIP_INSTALL = YES;
				SWIFT_VERSION = 4.2;
				TARGETED_DEVICE_FAMILY = "1,2";
			};
			name = Release;
		};
/* End XCBuildConfiguration section */

/* Begin XCConfigurationList section */
		6250EC2E21A693C5004F4F59 /* Build configuration list for PBXProject "AmbiWidget-IOS" */ = {
			isa = XCConfigurationList;
			buildConfigurations = (
				6250EC5921A693C8004F4F59 /* Debug */,
				6250EC5A21A693C8004F4F59 /* Release */,
			);
			defaultConfigurationIsVisible = 0;
			defaultConfigurationName = Release;
		};
		6250EC5B21A693C8004F4F59 /* Build configuration list for PBXNativeTarget "AmbiWidget-IOS" */ = {
			isa = XCConfigurationList;
			buildConfigurations = (
				6250EC5C21A693C8004F4F59 /* Debug */,
				6250EC5D21A693C8004F4F59 /* Release */,
			);
			defaultConfigurationIsVisible = 0;
			defaultConfigurationName = Release;
		};
		6250EC5E21A693C8004F4F59 /* Build configuration list for PBXNativeTarget "AmbiWidget-IOSTests" */ = {
			isa = XCConfigurationList;
			buildConfigurations = (
				6250EC5F21A693C8004F4F59 /* Debug */,
				6250EC6021A693C8004F4F59 /* Release */,
			);
			defaultConfigurationIsVisible = 0;
			defaultConfigurationName = Release;
		};
		6250EC6121A693C8004F4F59 /* Build configuration list for PBXNativeTarget "AmbiWidget-IOSUITests" */ = {
			isa = XCConfigurationList;
			buildConfigurations = (
				6250EC6221A693C8004F4F59 /* Debug */,
				6250EC6321A693C8004F4F59 /* Release */,
			);
			defaultConfigurationIsVisible = 0;
			defaultConfigurationName = Release;
		};
		6250EC7821A6953F004F4F59 /* Build configuration list for PBXNativeTarget "TodayExtension" */ = {
			isa = XCConfigurationList;
			buildConfigurations = (
				6250EC7621A6953F004F4F59 /* Debug */,
				6250EC7721A6953F004F4F59 /* Release */,
			);
			defaultConfigurationIsVisible = 0;
			defaultConfigurationName = Release;
		};
/* End XCConfigurationList section */
	};
	rootObject = 6250EC2B21A693C5004F4F59 /* Project object */;
}
