// !$*UTF8*$!
{
	archiveVersion = 1;
	classes = {
	};
	objectVersion = 50;
	objects = {

/* Begin PBXBuildFile section */
		1FC83272EB86637567FCC2AC /* Pods_AmbiWidget_IOSUITests.framework in Frameworks */ = {isa = PBXBuildFile; fileRef = 67B52B511D37653A45342327 /* Pods_AmbiWidget_IOSUITests.framework */; };
		328029D185C237F0F0B0D680 /* Pods_AmbiWidget_IOS.framework in Frameworks */ = {isa = PBXBuildFile; fileRef = B457B6946712C40C216B6C45 /* Pods_AmbiWidget_IOS.framework */; };
		6250EC3721A693C5004F4F59 /* AppDelegate.swift in Sources */ = {isa = PBXBuildFile; fileRef = 6250EC3621A693C5004F4F59 /* AppDelegate.swift */; };
		6250EC3921A693C5004F4F59 /* AuthVC.swift in Sources */ = {isa = PBXBuildFile; fileRef = 6250EC3821A693C5004F4F59 /* AuthVC.swift */; };
		6250EC3C21A693C5004F4F59 /* Main.storyboard in Resources */ = {isa = PBXBuildFile; fileRef = 6250EC3A21A693C5004F4F59 /* Main.storyboard */; };
		6250EC3E21A693C7004F4F59 /* Assets.xcassets in Resources */ = {isa = PBXBuildFile; fileRef = 6250EC3D21A693C7004F4F59 /* Assets.xcassets */; };
		6250EC4121A693C7004F4F59 /* LaunchScreen.storyboard in Resources */ = {isa = PBXBuildFile; fileRef = 6250EC3F21A693C7004F4F59 /* LaunchScreen.storyboard */; };
		6250EC4C21A693C8004F4F59 /* AmbiWidget_IOSTests.swift in Sources */ = {isa = PBXBuildFile; fileRef = 6250EC4B21A693C8004F4F59 /* AmbiWidget_IOSTests.swift */; };
		6250EC5721A693C8004F4F59 /* AmbiWidget_IOSUITests.swift in Sources */ = {isa = PBXBuildFile; fileRef = 6250EC5621A693C8004F4F59 /* AmbiWidget_IOSUITests.swift */; };
		6250EC6B21A6953F004F4F59 /* NotificationCenter.framework in Frameworks */ = {isa = PBXBuildFile; fileRef = 6250EC6A21A6953E004F4F59 /* NotificationCenter.framework */; };
		6250EC7521A6953F004F4F59 /* TodayExtension.appex in Embed App Extensions */ = {isa = PBXBuildFile; fileRef = 6250EC6821A6953E004F4F59 /* TodayExtension.appex */; settings = {ATTRIBUTES = (RemoveHeadersOnCopy, ); }; };
		7815DFDAFF2CE9D460FBA19D /* Pods_TodayExtension.framework in Frameworks */ = {isa = PBXBuildFile; fileRef = DA8B11F6B95E611C936E4EC2 /* Pods_TodayExtension.framework */; };
		95F7F9F80293F957796A681E /* Pods_AmbiWidget_IOSTests.framework in Frameworks */ = {isa = PBXBuildFile; fileRef = 98B96F60531ACCD13CAA46D4 /* Pods_AmbiWidget_IOSTests.framework */; };
		C3CDED83F960EA64312CA57D /* Pods_AmbiWidget_IOS.framework in Frameworks */ = {isa = PBXBuildFile; fileRef = CA9A981621C2100B0015EB39 /* Pods_AmbiWidget_IOS.framework */; };
		CA3FC16821DF39490000BC09 /* Utils.swift in Sources */ = {isa = PBXBuildFile; fileRef = CA3FC16721DF39490000BC09 /* Utils.swift */; };
		CA4C20B121B6758200A23C2A /* Device.swift in Sources */ = {isa = PBXBuildFile; fileRef = CA4C20B021B6758200A23C2A /* Device.swift */; };
		CA4EEF1D21ACEA7B00B33294 /* TokenManager.swift in Sources */ = {isa = PBXBuildFile; fileRef = CA4EEF1C21ACEA7B00B33294 /* TokenManager.swift */; };
		CA4EEF2121AD1F4500B33294 /* Token.swift in Sources */ = {isa = PBXBuildFile; fileRef = CA4EEF2021AD1F4500B33294 /* Token.swift */; };
		CA50E54821B4CD8200C852B5 /* NotificationNames.swift in Sources */ = {isa = PBXBuildFile; fileRef = CA50E54721B4CD8200C852B5 /* NotificationNames.swift */; };
		CA50E54A21B5358B00C852B5 /* DeviceManager.swift in Sources */ = {isa = PBXBuildFile; fileRef = CA50E54921B5358B00C852B5 /* DeviceManager.swift */; };
		CA50E54C21B536DB00C852B5 /* APISettings.swift in Sources */ = {isa = PBXBuildFile; fileRef = CA50E54B21B536DB00C852B5 /* APISettings.swift */; };
		CA5F9C5C21B1245D0002C649 /* MainVC.swift in Sources */ = {isa = PBXBuildFile; fileRef = CA5F9C5B21B1245D0002C649 /* MainVC.swift */; };
		CA9A978521BA601D0015EB39 /* DeviceStatus.swift in Sources */ = {isa = PBXBuildFile; fileRef = CA9A978421BA601D0015EB39 /* DeviceStatus.swift */; };
		CA9A978721C0E8DF0015EB39 /* ComfortLevel.swift in Sources */ = {isa = PBXBuildFile; fileRef = CA9A978621C0E8DF0015EB39 /* ComfortLevel.swift */; };
		CA9A97F621C203D20015EB39 /* TodayViewController.swift in Sources */ = {isa = PBXBuildFile; fileRef = CA9A97F221C203D20015EB39 /* TodayViewController.swift */; };
		CA9A97FA21C204000015EB39 /* User.swift in Sources */ = {isa = PBXBuildFile; fileRef = CA9A97F821C204000015EB39 /* User.swift */; };
		CA9A980421C204190015EB39 /* MainInterface.storyboard in Resources */ = {isa = PBXBuildFile; fileRef = CA9A980021C204190015EB39 /* MainInterface.storyboard */; };
		CA9A980721C2043B0015EB39 /* DeviceViewModel.swift in Sources */ = {isa = PBXBuildFile; fileRef = CA9A980621C2043B0015EB39 /* DeviceViewModel.swift */; };
		CA9A980B21C204520015EB39 /* Constants.swift in Sources */ = {isa = PBXBuildFile; fileRef = CA9A980921C204510015EB39 /* Constants.swift */; };
		CA9A980F21C206100015EB39 /* Assets.xcassets in Resources */ = {isa = PBXBuildFile; fileRef = 6250EC3D21A693C7004F4F59 /* Assets.xcassets */; };
		CA9A981321C20F100015EB39 /* ComfortLevel.swift in Sources */ = {isa = PBXBuildFile; fileRef = CA9A978621C0E8DF0015EB39 /* ComfortLevel.swift */; };
		CA9A981921C21FC50015EB39 /* Pods_AmbiWidget_IOS.framework in Frameworks */ = {isa = PBXBuildFile; fileRef = B457B6946712C40C216B6C45 /* Pods_AmbiWidget_IOS.framework */; };
		CA9A981B21C2284A0015EB39 /* DeviceManager.swift in Sources */ = {isa = PBXBuildFile; fileRef = CA50E54921B5358B00C852B5 /* DeviceManager.swift */; };
		CA9A982421C229690015EB39 /* APISettings.swift in Sources */ = {isa = PBXBuildFile; fileRef = CA50E54B21B536DB00C852B5 /* APISettings.swift */; };
		CA9A982521C229690015EB39 /* NotificationNames.swift in Sources */ = {isa = PBXBuildFile; fileRef = CA50E54721B4CD8200C852B5 /* NotificationNames.swift */; };
		CA9A982621C229690015EB39 /* UserDefaultsKeys.swift in Sources */ = {isa = PBXBuildFile; fileRef = CAD81EBE21AD3CF20078FD9F /* UserDefaultsKeys.swift */; };
		CA9A982721C229690015EB39 /* Token.swift in Sources */ = {isa = PBXBuildFile; fileRef = CA4EEF2021AD1F4500B33294 /* Token.swift */; };
		CA9A982821C229690015EB39 /* Device.swift in Sources */ = {isa = PBXBuildFile; fileRef = CA4C20B021B6758200A23C2A /* Device.swift */; };
		CA9A982921C229690015EB39 /* DeviceStatus.swift in Sources */ = {isa = PBXBuildFile; fileRef = CA9A978421BA601D0015EB39 /* DeviceStatus.swift */; };
		CA9A982A21C229690015EB39 /* ErrorHelper.swift in Sources */ = {isa = PBXBuildFile; fileRef = CAA5D81F21B8CA0C00D5145B /* ErrorHelper.swift */; };
		CA9A982B21C229690015EB39 /* TokenManager.swift in Sources */ = {isa = PBXBuildFile; fileRef = CA4EEF1C21ACEA7B00B33294 /* TokenManager.swift */; };
		CA9A982E21C229690015EB39 /* AppDelegate.swift in Sources */ = {isa = PBXBuildFile; fileRef = 6250EC3621A693C5004F4F59 /* AppDelegate.swift */; };
		CAA5D82021B8CA0C00D5145B /* ErrorHelper.swift in Sources */ = {isa = PBXBuildFile; fileRef = CAA5D81F21B8CA0C00D5145B /* ErrorHelper.swift */; };
		CAD81EBF21AD3CF20078FD9F /* UserDefaultsKeys.swift in Sources */ = {isa = PBXBuildFile; fileRef = CAD81EBE21AD3CF20078FD9F /* UserDefaultsKeys.swift */; };
		CAEA2BF921C3573600907EDB /* Settings.bundle in Resources */ = {isa = PBXBuildFile; fileRef = CAEA2BF821C3573600907EDB /* Settings.bundle */; };
		CAEA2BFB21C3863900907EDB /* SettingsBundleHelper.swift in Sources */ = {isa = PBXBuildFile; fileRef = CAEA2BFA21C3863900907EDB /* SettingsBundleHelper.swift */; };
		CAEA2BFC21C3870900907EDB /* SettingsBundleHelper.swift in Sources */ = {isa = PBXBuildFile; fileRef = CAEA2BFA21C3863900907EDB /* SettingsBundleHelper.swift */; };
		F107029621DF00D300FDA207 /* LoadingViewController.swift in Sources */ = {isa = PBXBuildFile; fileRef = F107029521DF00D300FDA207 /* LoadingViewController.swift */; };
		F107029D21DF653F00FDA207 /* AuthOverlayViewController.swift in Sources */ = {isa = PBXBuildFile; fileRef = F107029B21DF653F00FDA207 /* AuthOverlayViewController.swift */; };
		F107029E21DF653F00FDA207 /* AuthOverlayViewController.xib in Resources */ = {isa = PBXBuildFile; fileRef = F107029C21DF653F00FDA207 /* AuthOverlayViewController.xib */; };
		F1FE7BF021E2FC3B00530492 /* NoDevicesViewController.swift in Sources */ = {isa = PBXBuildFile; fileRef = F1FE7BEE21E2FC3B00530492 /* NoDevicesViewController.swift */; };
		F1FE7BF121E2FC3B00530492 /* NoDevicesViewController.xib in Resources */ = {isa = PBXBuildFile; fileRef = F1FE7BEF21E2FC3B00530492 /* NoDevicesViewController.xib */; };
/* End PBXBuildFile section */

/* Begin PBXContainerItemProxy section */
		6250EC4821A693C8004F4F59 /* PBXContainerItemProxy */ = {
			isa = PBXContainerItemProxy;
			containerPortal = 6250EC2B21A693C5004F4F59 /* Project object */;
			proxyType = 1;
			remoteGlobalIDString = 6250EC3221A693C5004F4F59;
			remoteInfo = "AmbiWidget-IOS";
		};
		6250EC5321A693C8004F4F59 /* PBXContainerItemProxy */ = {
			isa = PBXContainerItemProxy;
			containerPortal = 6250EC2B21A693C5004F4F59 /* Project object */;
			proxyType = 1;
			remoteGlobalIDString = 6250EC3221A693C5004F4F59;
			remoteInfo = "AmbiWidget-IOS";
		};
		6250EC7321A6953F004F4F59 /* PBXContainerItemProxy */ = {
			isa = PBXContainerItemProxy;
			containerPortal = 6250EC2B21A693C5004F4F59 /* Project object */;
			proxyType = 1;
			remoteGlobalIDString = 6250EC6721A6953E004F4F59;
			remoteInfo = TodayExtension;
		};
/* End PBXContainerItemProxy section */

/* Begin PBXCopyFilesBuildPhase section */
		6250EC7921A6953F004F4F59 /* Embed App Extensions */ = {
			isa = PBXCopyFilesBuildPhase;
			buildActionMask = 2147483647;
			dstPath = "";
			dstSubfolderSpec = 13;
			files = (
				6250EC7521A6953F004F4F59 /* TodayExtension.appex in Embed App Extensions */,
			);
			name = "Embed App Extensions";
			runOnlyForDeploymentPostprocessing = 0;
		};
		CA4C209321B6606000A23C2A /* Embed Frameworks */ = {
			isa = PBXCopyFilesBuildPhase;
			buildActionMask = 2147483647;
			dstPath = "";
			dstSubfolderSpec = 10;
			files = (
			);
			name = "Embed Frameworks";
			runOnlyForDeploymentPostprocessing = 0;
		};
/* End PBXCopyFilesBuildPhase section */

/* Begin PBXFileReference section */
		2725308ED43BFCE885489656 /* Pods-AmbiWidget-IOSUITests.release.xcconfig */ = {isa = PBXFileReference; includeInIndex = 1; lastKnownFileType = text.xcconfig; name = "Pods-AmbiWidget-IOSUITests.release.xcconfig"; path = "Pods/Target Support Files/Pods-AmbiWidget-IOSUITests/Pods-AmbiWidget-IOSUITests.release.xcconfig"; sourceTree = "<group>"; };
		3D2463CFA2194A34287A6612 /* Pods-AmbiWidget-IOSTests.debug.xcconfig */ = {isa = PBXFileReference; includeInIndex = 1; lastKnownFileType = text.xcconfig; name = "Pods-AmbiWidget-IOSTests.debug.xcconfig"; path = "Pods/Target Support Files/Pods-AmbiWidget-IOSTests/Pods-AmbiWidget-IOSTests.debug.xcconfig"; sourceTree = "<group>"; };
		54A6F692AD3C44B94E620756 /* Pods-TodayExtension.debug.xcconfig */ = {isa = PBXFileReference; includeInIndex = 1; lastKnownFileType = text.xcconfig; name = "Pods-TodayExtension.debug.xcconfig"; path = "Pods/Target Support Files/Pods-TodayExtension/Pods-TodayExtension.debug.xcconfig"; sourceTree = "<group>"; };
		6250EC3321A693C5004F4F59 /* AmbiWidget-IOS.app */ = {isa = PBXFileReference; explicitFileType = wrapper.application; includeInIndex = 0; path = "AmbiWidget-IOS.app"; sourceTree = BUILT_PRODUCTS_DIR; };
		6250EC3621A693C5004F4F59 /* AppDelegate.swift */ = {isa = PBXFileReference; lastKnownFileType = sourcecode.swift; path = AppDelegate.swift; sourceTree = "<group>"; };
		6250EC3821A693C5004F4F59 /* AuthVC.swift */ = {isa = PBXFileReference; lastKnownFileType = sourcecode.swift; path = AuthVC.swift; sourceTree = "<group>"; };
		6250EC3B21A693C5004F4F59 /* Base */ = {isa = PBXFileReference; lastKnownFileType = file.storyboard; name = Base; path = Base.lproj/Main.storyboard; sourceTree = "<group>"; };
		6250EC3D21A693C7004F4F59 /* Assets.xcassets */ = {isa = PBXFileReference; lastKnownFileType = folder.assetcatalog; path = Assets.xcassets; sourceTree = "<group>"; };
		6250EC4021A693C7004F4F59 /* Base */ = {isa = PBXFileReference; lastKnownFileType = file.storyboard; name = Base; path = Base.lproj/LaunchScreen.storyboard; sourceTree = "<group>"; };
		6250EC4221A693C7004F4F59 /* Info.plist */ = {isa = PBXFileReference; lastKnownFileType = text.plist.xml; path = Info.plist; sourceTree = "<group>"; };
		6250EC4721A693C8004F4F59 /* AmbiWidget-IOSTests.xctest */ = {isa = PBXFileReference; explicitFileType = wrapper.cfbundle; includeInIndex = 0; path = "AmbiWidget-IOSTests.xctest"; sourceTree = BUILT_PRODUCTS_DIR; };
		6250EC4B21A693C8004F4F59 /* AmbiWidget_IOSTests.swift */ = {isa = PBXFileReference; lastKnownFileType = sourcecode.swift; path = AmbiWidget_IOSTests.swift; sourceTree = "<group>"; };
		6250EC4D21A693C8004F4F59 /* Info.plist */ = {isa = PBXFileReference; lastKnownFileType = text.plist.xml; path = Info.plist; sourceTree = "<group>"; };
		6250EC5221A693C8004F4F59 /* AmbiWidget-IOSUITests.xctest */ = {isa = PBXFileReference; explicitFileType = wrapper.cfbundle; includeInIndex = 0; path = "AmbiWidget-IOSUITests.xctest"; sourceTree = BUILT_PRODUCTS_DIR; };
		6250EC5621A693C8004F4F59 /* AmbiWidget_IOSUITests.swift */ = {isa = PBXFileReference; lastKnownFileType = sourcecode.swift; path = AmbiWidget_IOSUITests.swift; sourceTree = "<group>"; };
		6250EC5821A693C8004F4F59 /* Info.plist */ = {isa = PBXFileReference; lastKnownFileType = text.plist.xml; path = Info.plist; sourceTree = "<group>"; };
		6250EC6821A6953E004F4F59 /* TodayExtension.appex */ = {isa = PBXFileReference; explicitFileType = "wrapper.app-extension"; includeInIndex = 0; path = TodayExtension.appex; sourceTree = BUILT_PRODUCTS_DIR; };
		6250EC6A21A6953E004F4F59 /* NotificationCenter.framework */ = {isa = PBXFileReference; lastKnownFileType = wrapper.framework; name = NotificationCenter.framework; path = System/Library/Frameworks/NotificationCenter.framework; sourceTree = SDKROOT; };
		67B52B511D37653A45342327 /* Pods_AmbiWidget_IOSUITests.framework */ = {isa = PBXFileReference; explicitFileType = wrapper.framework; includeInIndex = 0; path = Pods_AmbiWidget_IOSUITests.framework; sourceTree = BUILT_PRODUCTS_DIR; };
		8D78059D252FD86DC0C1215F /* Pods-TodayExtension.release.xcconfig */ = {isa = PBXFileReference; includeInIndex = 1; lastKnownFileType = text.xcconfig; name = "Pods-TodayExtension.release.xcconfig"; path = "Pods/Target Support Files/Pods-TodayExtension/Pods-TodayExtension.release.xcconfig"; sourceTree = "<group>"; };
		96597C3FEF1FDB0821FF91CA /* Pods-AmbiWidget-IOS.debug.xcconfig */ = {isa = PBXFileReference; includeInIndex = 1; lastKnownFileType = text.xcconfig; name = "Pods-AmbiWidget-IOS.debug.xcconfig"; path = "Pods/Target Support Files/Pods-AmbiWidget-IOS/Pods-AmbiWidget-IOS.debug.xcconfig"; sourceTree = "<group>"; };
		968991E4261913952C031F85 /* Pods-AmbiWidget-IOSTests.release.xcconfig */ = {isa = PBXFileReference; includeInIndex = 1; lastKnownFileType = text.xcconfig; name = "Pods-AmbiWidget-IOSTests.release.xcconfig"; path = "Pods/Target Support Files/Pods-AmbiWidget-IOSTests/Pods-AmbiWidget-IOSTests.release.xcconfig"; sourceTree = "<group>"; };
		98B96F60531ACCD13CAA46D4 /* Pods_AmbiWidget_IOSTests.framework */ = {isa = PBXFileReference; explicitFileType = wrapper.framework; includeInIndex = 0; path = Pods_AmbiWidget_IOSTests.framework; sourceTree = BUILT_PRODUCTS_DIR; };
		AD4F2326ED7F65267E65F364 /* Pods-AmbiWidget-IOS.release.xcconfig */ = {isa = PBXFileReference; includeInIndex = 1; lastKnownFileType = text.xcconfig; name = "Pods-AmbiWidget-IOS.release.xcconfig"; path = "Pods/Target Support Files/Pods-AmbiWidget-IOS/Pods-AmbiWidget-IOS.release.xcconfig"; sourceTree = "<group>"; };
		B457B6946712C40C216B6C45 /* Pods_AmbiWidget_IOS.framework */ = {isa = PBXFileReference; explicitFileType = wrapper.framework; includeInIndex = 0; path = Pods_AmbiWidget_IOS.framework; sourceTree = BUILT_PRODUCTS_DIR; };
		CA3FC16721DF39490000BC09 /* Utils.swift */ = {isa = PBXFileReference; lastKnownFileType = sourcecode.swift; path = Utils.swift; sourceTree = "<group>"; };
		CA4C20B021B6758200A23C2A /* Device.swift */ = {isa = PBXFileReference; lastKnownFileType = sourcecode.swift; path = Device.swift; sourceTree = "<group>"; };
		CA4EEF1C21ACEA7B00B33294 /* TokenManager.swift */ = {isa = PBXFileReference; lastKnownFileType = sourcecode.swift; path = TokenManager.swift; sourceTree = "<group>"; };
		CA4EEF2021AD1F4500B33294 /* Token.swift */ = {isa = PBXFileReference; lastKnownFileType = sourcecode.swift; path = Token.swift; sourceTree = "<group>"; };
		CA50E54721B4CD8200C852B5 /* NotificationNames.swift */ = {isa = PBXFileReference; lastKnownFileType = sourcecode.swift; path = NotificationNames.swift; sourceTree = "<group>"; };
		CA50E54921B5358B00C852B5 /* DeviceManager.swift */ = {isa = PBXFileReference; lastKnownFileType = sourcecode.swift; path = DeviceManager.swift; sourceTree = "<group>"; };
		CA50E54B21B536DB00C852B5 /* APISettings.swift */ = {isa = PBXFileReference; lastKnownFileType = sourcecode.swift; path = APISettings.swift; sourceTree = "<group>"; };
		CA5F9C5B21B1245D0002C649 /* MainVC.swift */ = {isa = PBXFileReference; lastKnownFileType = sourcecode.swift; path = MainVC.swift; sourceTree = "<group>"; };
		CA9A978421BA601D0015EB39 /* DeviceStatus.swift */ = {isa = PBXFileReference; lastKnownFileType = sourcecode.swift; path = DeviceStatus.swift; sourceTree = "<group>"; };
		CA9A978621C0E8DF0015EB39 /* ComfortLevel.swift */ = {isa = PBXFileReference; lastKnownFileType = sourcecode.swift; path = ComfortLevel.swift; sourceTree = "<group>"; };
		CA9A97EE21C203D10015EB39 /* TodayExtension-Bridging-Header.h */ = {isa = PBXFileReference; lastKnownFileType = sourcecode.c.h; path = "TodayExtension-Bridging-Header.h"; sourceTree = "<group>"; };
		CA9A97F221C203D20015EB39 /* TodayViewController.swift */ = {isa = PBXFileReference; fileEncoding = 4; lastKnownFileType = sourcecode.swift; path = TodayViewController.swift; sourceTree = "<group>"; };
		CA9A97F821C204000015EB39 /* User.swift */ = {isa = PBXFileReference; fileEncoding = 4; lastKnownFileType = sourcecode.swift; path = User.swift; sourceTree = "<group>"; };
		CA9A980021C204190015EB39 /* MainInterface.storyboard */ = {isa = PBXFileReference; fileEncoding = 4; lastKnownFileType = file.storyboard; path = MainInterface.storyboard; sourceTree = "<group>"; };
		CA9A980621C2043B0015EB39 /* DeviceViewModel.swift */ = {isa = PBXFileReference; fileEncoding = 4; lastKnownFileType = sourcecode.swift; path = DeviceViewModel.swift; sourceTree = "<group>"; };
		CA9A980821C204510015EB39 /* TodayExtension.entitlements */ = {isa = PBXFileReference; fileEncoding = 4; lastKnownFileType = text.plist.entitlements; path = TodayExtension.entitlements; sourceTree = "<group>"; };
		CA9A980921C204510015EB39 /* Constants.swift */ = {isa = PBXFileReference; fileEncoding = 4; lastKnownFileType = sourcecode.swift; path = Constants.swift; sourceTree = "<group>"; };
		CA9A980A21C204520015EB39 /* Info.plist */ = {isa = PBXFileReference; fileEncoding = 4; lastKnownFileType = text.plist.xml; path = Info.plist; sourceTree = "<group>"; };
		CA9A981421C20FFF0015EB39 /* PromiseKit.framework */ = {isa = PBXFileReference; explicitFileType = wrapper.framework; path = PromiseKit.framework; sourceTree = BUILT_PRODUCTS_DIR; };
		CA9A981621C2100B0015EB39 /* Pods_AmbiWidget_IOS.framework */ = {isa = PBXFileReference; explicitFileType = wrapper.framework; path = Pods_AmbiWidget_IOS.framework; sourceTree = BUILT_PRODUCTS_DIR; };
		CA9A982F21C25FA70015EB39 /* AmbiWidget-IOS.entitlements */ = {isa = PBXFileReference; lastKnownFileType = text.plist.entitlements; path = "AmbiWidget-IOS.entitlements"; sourceTree = "<group>"; };
		CAA5D81F21B8CA0C00D5145B /* ErrorHelper.swift */ = {isa = PBXFileReference; lastKnownFileType = sourcecode.swift; path = ErrorHelper.swift; sourceTree = "<group>"; };
		CAD81EBE21AD3CF20078FD9F /* UserDefaultsKeys.swift */ = {isa = PBXFileReference; lastKnownFileType = sourcecode.swift; path = UserDefaultsKeys.swift; sourceTree = "<group>"; };
		CAEA2BF821C3573600907EDB /* Settings.bundle */ = {isa = PBXFileReference; lastKnownFileType = "wrapper.plug-in"; path = Settings.bundle; sourceTree = "<group>"; };
		CAEA2BFA21C3863900907EDB /* SettingsBundleHelper.swift */ = {isa = PBXFileReference; lastKnownFileType = sourcecode.swift; path = SettingsBundleHelper.swift; sourceTree = "<group>"; };
		DA8B11F6B95E611C936E4EC2 /* Pods_TodayExtension.framework */ = {isa = PBXFileReference; explicitFileType = wrapper.framework; includeInIndex = 0; path = Pods_TodayExtension.framework; sourceTree = BUILT_PRODUCTS_DIR; };
		F107029521DF00D300FDA207 /* LoadingViewController.swift */ = {isa = PBXFileReference; lastKnownFileType = sourcecode.swift; path = LoadingViewController.swift; sourceTree = "<group>"; };
		F107029B21DF653F00FDA207 /* AuthOverlayViewController.swift */ = {isa = PBXFileReference; lastKnownFileType = sourcecode.swift; path = AuthOverlayViewController.swift; sourceTree = "<group>"; };
		F107029C21DF653F00FDA207 /* AuthOverlayViewController.xib */ = {isa = PBXFileReference; lastKnownFileType = file.xib; path = AuthOverlayViewController.xib; sourceTree = "<group>"; };
		F1FE7BEE21E2FC3B00530492 /* NoDevicesViewController.swift */ = {isa = PBXFileReference; lastKnownFileType = sourcecode.swift; path = NoDevicesViewController.swift; sourceTree = "<group>"; };
		F1FE7BEF21E2FC3B00530492 /* NoDevicesViewController.xib */ = {isa = PBXFileReference; lastKnownFileType = file.xib; path = NoDevicesViewController.xib; sourceTree = "<group>"; };
		F21704173721C9BC24A0A410 /* Pods-AmbiWidget-IOSUITests.debug.xcconfig */ = {isa = PBXFileReference; includeInIndex = 1; lastKnownFileType = text.xcconfig; name = "Pods-AmbiWidget-IOSUITests.debug.xcconfig"; path = "Pods/Target Support Files/Pods-AmbiWidget-IOSUITests/Pods-AmbiWidget-IOSUITests.debug.xcconfig"; sourceTree = "<group>"; };
/* End PBXFileReference section */

/* Begin PBXFrameworksBuildPhase section */
		6250EC3021A693C5004F4F59 /* Frameworks */ = {
			isa = PBXFrameworksBuildPhase;
			buildActionMask = 2147483647;
			files = (
				328029D185C237F0F0B0D680 /* Pods_AmbiWidget_IOS.framework in Frameworks */,
				C3CDED83F960EA64312CA57D /* Pods_AmbiWidget_IOS.framework in Frameworks */,
			);
			runOnlyForDeploymentPostprocessing = 0;
		};
		6250EC4421A693C8004F4F59 /* Frameworks */ = {
			isa = PBXFrameworksBuildPhase;
			buildActionMask = 2147483647;
			files = (
				95F7F9F80293F957796A681E /* Pods_AmbiWidget_IOSTests.framework in Frameworks */,
			);
			runOnlyForDeploymentPostprocessing = 0;
		};
		6250EC4F21A693C8004F4F59 /* Frameworks */ = {
			isa = PBXFrameworksBuildPhase;
			buildActionMask = 2147483647;
			files = (
				1FC83272EB86637567FCC2AC /* Pods_AmbiWidget_IOSUITests.framework in Frameworks */,
			);
			runOnlyForDeploymentPostprocessing = 0;
		};
		6250EC6521A6953E004F4F59 /* Frameworks */ = {
			isa = PBXFrameworksBuildPhase;
			buildActionMask = 2147483647;
			files = (
				6250EC6B21A6953F004F4F59 /* NotificationCenter.framework in Frameworks */,
				7815DFDAFF2CE9D460FBA19D /* Pods_TodayExtension.framework in Frameworks */,
				CA9A981921C21FC50015EB39 /* Pods_AmbiWidget_IOS.framework in Frameworks */,
			);
			runOnlyForDeploymentPostprocessing = 0;
		};
/* End PBXFrameworksBuildPhase section */

/* Begin PBXGroup section */
		6250EC2A21A693C5004F4F59 = {
			isa = PBXGroup;
			children = (
				6250EC3521A693C5004F4F59 /* AmbiWidget-IOS */,
				6250EC4A21A693C8004F4F59 /* AmbiWidget-IOSTests */,
				6250EC5521A693C8004F4F59 /* AmbiWidget-IOSUITests */,
				6250EC6C21A6953F004F4F59 /* TodayExtension */,
				6250EC6921A6953E004F4F59 /* Frameworks */,
				6250EC3421A693C5004F4F59 /* Products */,
				F076AA15E7B88EF407BDE4C1 /* Pods */,
			);
			sourceTree = "<group>";
		};
		6250EC3421A693C5004F4F59 /* Products */ = {
			isa = PBXGroup;
			children = (
				6250EC3321A693C5004F4F59 /* AmbiWidget-IOS.app */,
				6250EC4721A693C8004F4F59 /* AmbiWidget-IOSTests.xctest */,
				6250EC5221A693C8004F4F59 /* AmbiWidget-IOSUITests.xctest */,
				6250EC6821A6953E004F4F59 /* TodayExtension.appex */,
			);
			name = Products;
			sourceTree = "<group>";
		};
		6250EC3521A693C5004F4F59 /* AmbiWidget-IOS */ = {
			isa = PBXGroup;
			children = (
				CA9A982F21C25FA70015EB39 /* AmbiWidget-IOS.entitlements */,
				CAA5D82421B8CB7500D5145B /* Settings */,
				CA4EEF1921ACE9D800B33294 /* Models */,
				CA4EEF1B21ACE9FB00B33294 /* Views */,
				CA4EEF1A21ACE9E500B33294 /* Controllers */,
				6250EC3621A693C5004F4F59 /* AppDelegate.swift */,
				6250EC3D21A693C7004F4F59 /* Assets.xcassets */,
				6250EC3F21A693C7004F4F59 /* LaunchScreen.storyboard */,
				6250EC4221A693C7004F4F59 /* Info.plist */,
				CAEA2BF821C3573600907EDB /* Settings.bundle */,
				CAEA2BFA21C3863900907EDB /* SettingsBundleHelper.swift */,
			);
			path = "AmbiWidget-IOS";
			sourceTree = "<group>";
		};
		6250EC4A21A693C8004F4F59 /* AmbiWidget-IOSTests */ = {
			isa = PBXGroup;
			children = (
				6250EC4B21A693C8004F4F59 /* AmbiWidget_IOSTests.swift */,
				6250EC4D21A693C8004F4F59 /* Info.plist */,
			);
			path = "AmbiWidget-IOSTests";
			sourceTree = "<group>";
		};
		6250EC5521A693C8004F4F59 /* AmbiWidget-IOSUITests */ = {
			isa = PBXGroup;
			children = (
				6250EC5621A693C8004F4F59 /* AmbiWidget_IOSUITests.swift */,
				6250EC5821A693C8004F4F59 /* Info.plist */,
			);
			path = "AmbiWidget-IOSUITests";
			sourceTree = "<group>";
		};
		6250EC6921A6953E004F4F59 /* Frameworks */ = {
			isa = PBXGroup;
			children = (
				CA9A981621C2100B0015EB39 /* Pods_AmbiWidget_IOS.framework */,
				CA9A981421C20FFF0015EB39 /* PromiseKit.framework */,
				6250EC6A21A6953E004F4F59 /* NotificationCenter.framework */,
				B457B6946712C40C216B6C45 /* Pods_AmbiWidget_IOS.framework */,
				98B96F60531ACCD13CAA46D4 /* Pods_AmbiWidget_IOSTests.framework */,
				67B52B511D37653A45342327 /* Pods_AmbiWidget_IOSUITests.framework */,
				DA8B11F6B95E611C936E4EC2 /* Pods_TodayExtension.framework */,
			);
			name = Frameworks;
			sourceTree = "<group>";
		};
		6250EC6C21A6953F004F4F59 /* TodayExtension */ = {
			isa = PBXGroup;
			children = (
				CA9A980921C204510015EB39 /* Constants.swift */,
				CA9A980A21C204520015EB39 /* Info.plist */,
				CA9A980821C204510015EB39 /* TodayExtension.entitlements */,
				CA9A97F721C203E00015EB39 /* Model */,
				CA9A97FC21C204080015EB39 /* View */,
				CA9A980521C204280015EB39 /* ViewModel */,
				CA9A97ED21C2037A0015EB39 /* Controllers */,
			);
			path = TodayExtension;
			sourceTree = "<group>";
		};
		CA4EEF1921ACE9D800B33294 /* Models */ = {
			isa = PBXGroup;
			children = (
				CAA5D82221B8CAD400D5145B /* Objects */,
				CAA5D82121B8CABB00D5145B /* Helpers */,
				CA4EEF1C21ACEA7B00B33294 /* TokenManager.swift */,
				CA50E54921B5358B00C852B5 /* DeviceManager.swift */,
			);
			path = Models;
			sourceTree = "<group>";
		};
		CA4EEF1A21ACE9E500B33294 /* Controllers */ = {
			isa = PBXGroup;
			children = (
				CA5F9C5B21B1245D0002C649 /* MainVC.swift */,
				6250EC3821A693C5004F4F59 /* AuthVC.swift */,
			);
			path = Controllers;
			sourceTree = "<group>";
		};
		CA4EEF1B21ACE9FB00B33294 /* Views */ = {
			isa = PBXGroup;
			children = (
				6250EC3A21A693C5004F4F59 /* Main.storyboard */,
			);
			path = Views;
			sourceTree = "<group>";
		};
		CA9A97ED21C2037A0015EB39 /* Controllers */ = {
			isa = PBXGroup;
			children = (
				CA9A97F221C203D20015EB39 /* TodayViewController.swift */,
				CA9A97EE21C203D10015EB39 /* TodayExtension-Bridging-Header.h */,
				F107029521DF00D300FDA207 /* LoadingViewController.swift */,
				F107029B21DF653F00FDA207 /* AuthOverlayViewController.swift */,
				F1FE7BEE21E2FC3B00530492 /* NoDevicesViewController.swift */,
			);
			path = Controllers;
			sourceTree = "<group>";
		};
		CA9A97F721C203E00015EB39 /* Model */ = {
			isa = PBXGroup;
			children = (
				CA9A97F821C204000015EB39 /* User.swift */,
			);
			path = Model;
			sourceTree = "<group>";
		};
		CA9A97FC21C204080015EB39 /* View */ = {
			isa = PBXGroup;
			children = (
				F107029C21DF653F00FDA207 /* AuthOverlayViewController.xib */,
				CA9A980021C204190015EB39 /* MainInterface.storyboard */,
				F1FE7BEF21E2FC3B00530492 /* NoDevicesViewController.xib */,
			);
			path = View;
			sourceTree = "<group>";
		};
		CA9A980521C204280015EB39 /* ViewModel */ = {
			isa = PBXGroup;
			children = (
				CA9A980621C2043B0015EB39 /* DeviceViewModel.swift */,
				CA3FC16721DF39490000BC09 /* Utils.swift */,
			);
			path = ViewModel;
			sourceTree = "<group>";
		};
		CAA5D82121B8CABB00D5145B /* Helpers */ = {
			isa = PBXGroup;
			children = (
				CAA5D81F21B8CA0C00D5145B /* ErrorHelper.swift */,
			);
			path = Helpers;
			sourceTree = "<group>";
		};
		CAA5D82221B8CAD400D5145B /* Objects */ = {
			isa = PBXGroup;
			children = (
				CA4EEF2021AD1F4500B33294 /* Token.swift */,
				CA4C20B021B6758200A23C2A /* Device.swift */,
				CA9A978421BA601D0015EB39 /* DeviceStatus.swift */,
				CA9A978621C0E8DF0015EB39 /* ComfortLevel.swift */,
			);
			path = Objects;
			sourceTree = "<group>";
		};
		CAA5D82421B8CB7500D5145B /* Settings */ = {
			isa = PBXGroup;
			children = (
				CA50E54B21B536DB00C852B5 /* APISettings.swift */,
				CA50E54721B4CD8200C852B5 /* NotificationNames.swift */,
				CAD81EBE21AD3CF20078FD9F /* UserDefaultsKeys.swift */,
			);
			path = Settings;
			sourceTree = "<group>";
		};
		F076AA15E7B88EF407BDE4C1 /* Pods */ = {
			isa = PBXGroup;
			children = (
				96597C3FEF1FDB0821FF91CA /* Pods-AmbiWidget-IOS.debug.xcconfig */,
				AD4F2326ED7F65267E65F364 /* Pods-AmbiWidget-IOS.release.xcconfig */,
				3D2463CFA2194A34287A6612 /* Pods-AmbiWidget-IOSTests.debug.xcconfig */,
				968991E4261913952C031F85 /* Pods-AmbiWidget-IOSTests.release.xcconfig */,
				F21704173721C9BC24A0A410 /* Pods-AmbiWidget-IOSUITests.debug.xcconfig */,
				2725308ED43BFCE885489656 /* Pods-AmbiWidget-IOSUITests.release.xcconfig */,
				54A6F692AD3C44B94E620756 /* Pods-TodayExtension.debug.xcconfig */,
				8D78059D252FD86DC0C1215F /* Pods-TodayExtension.release.xcconfig */,
			);
			name = Pods;
			sourceTree = "<group>";
		};
/* End PBXGroup section */

/* Begin PBXNativeTarget section */
		6250EC3221A693C5004F4F59 /* AmbiWidget-IOS */ = {
			isa = PBXNativeTarget;
			buildConfigurationList = 6250EC5B21A693C8004F4F59 /* Build configuration list for PBXNativeTarget "AmbiWidget-IOS" */;
			buildPhases = (
				85C903E9E06CA40152692946 /* [CP] Check Pods Manifest.lock */,
				6250EC2F21A693C5004F4F59 /* Sources */,
				6250EC3021A693C5004F4F59 /* Frameworks */,
				6250EC3121A693C5004F4F59 /* Resources */,
				6250EC7921A6953F004F4F59 /* Embed App Extensions */,
				CA4C209321B6606000A23C2A /* Embed Frameworks */,
				1C661EED03F3660F2430C76D /* [CP] Embed Pods Frameworks */,
			);
			buildRules = (
			);
			dependencies = (
				6250EC7421A6953F004F4F59 /* PBXTargetDependency */,
			);
			name = "AmbiWidget-IOS";
			productName = "AmbiWidget-IOS";
			productReference = 6250EC3321A693C5004F4F59 /* AmbiWidget-IOS.app */;
			productType = "com.apple.product-type.application";
		};
		6250EC4621A693C8004F4F59 /* AmbiWidget-IOSTests */ = {
			isa = PBXNativeTarget;
			buildConfigurationList = 6250EC5E21A693C8004F4F59 /* Build configuration list for PBXNativeTarget "AmbiWidget-IOSTests" */;
			buildPhases = (
				A28C79E7BCAB7968EF9E1BC8 /* [CP] Check Pods Manifest.lock */,
				6250EC4321A693C8004F4F59 /* Sources */,
				6250EC4421A693C8004F4F59 /* Frameworks */,
				6250EC4521A693C8004F4F59 /* Resources */,
			);
			buildRules = (
			);
			dependencies = (
				6250EC4921A693C8004F4F59 /* PBXTargetDependency */,
			);
			name = "AmbiWidget-IOSTests";
			productName = "AmbiWidget-IOSTests";
			productReference = 6250EC4721A693C8004F4F59 /* AmbiWidget-IOSTests.xctest */;
			productType = "com.apple.product-type.bundle.unit-test";
		};
		6250EC5121A693C8004F4F59 /* AmbiWidget-IOSUITests */ = {
			isa = PBXNativeTarget;
			buildConfigurationList = 6250EC6121A693C8004F4F59 /* Build configuration list for PBXNativeTarget "AmbiWidget-IOSUITests" */;
			buildPhases = (
				DA19D13B24B66B43A422494F /* [CP] Check Pods Manifest.lock */,
				6250EC4E21A693C8004F4F59 /* Sources */,
				6250EC4F21A693C8004F4F59 /* Frameworks */,
				6250EC5021A693C8004F4F59 /* Resources */,
			);
			buildRules = (
			);
			dependencies = (
				6250EC5421A693C8004F4F59 /* PBXTargetDependency */,
			);
			name = "AmbiWidget-IOSUITests";
			productName = "AmbiWidget-IOSUITests";
			productReference = 6250EC5221A693C8004F4F59 /* AmbiWidget-IOSUITests.xctest */;
			productType = "com.apple.product-type.bundle.ui-testing";
		};
		6250EC6721A6953E004F4F59 /* TodayExtension */ = {
			isa = PBXNativeTarget;
			buildConfigurationList = 6250EC7821A6953F004F4F59 /* Build configuration list for PBXNativeTarget "TodayExtension" */;
			buildPhases = (
				83596747ABDBCFD0F9A254BC /* [CP] Check Pods Manifest.lock */,
				6250EC6421A6953E004F4F59 /* Sources */,
				6250EC6521A6953E004F4F59 /* Frameworks */,
				6250EC6621A6953E004F4F59 /* Resources */,
			);
			buildRules = (
			);
			dependencies = (
			);
			name = TodayExtension;
			productName = TodayExtension;
			productReference = 6250EC6821A6953E004F4F59 /* TodayExtension.appex */;
			productType = "com.apple.product-type.app-extension";
		};
/* End PBXNativeTarget section */

/* Begin PBXProject section */
		6250EC2B21A693C5004F4F59 /* Project object */ = {
			isa = PBXProject;
			attributes = {
				LastSwiftUpdateCheck = 1010;
				LastUpgradeCheck = 1010;
				ORGANIZATIONNAME = tonglaicha;
				TargetAttributes = {
					6250EC3221A693C5004F4F59 = {
						CreatedOnToolsVersion = 10.1;
						SystemCapabilities = {
							com.apple.ApplicationGroups.iOS = {
								enabled = 1;
							};
						};
					};
					6250EC4621A693C8004F4F59 = {
						CreatedOnToolsVersion = 10.1;
						TestTargetID = 6250EC3221A693C5004F4F59;
					};
					6250EC5121A693C8004F4F59 = {
						CreatedOnToolsVersion = 10.1;
						TestTargetID = 6250EC3221A693C5004F4F59;
					};
					6250EC6721A6953E004F4F59 = {
						CreatedOnToolsVersion = 10.1;
						LastSwiftMigration = 1010;
						SystemCapabilities = {
							com.apple.ApplicationGroups.iOS = {
								enabled = 1;
							};
						};
					};
				};
			};
			buildConfigurationList = 6250EC2E21A693C5004F4F59 /* Build configuration list for PBXProject "AmbiWidget-IOS" */;
			compatibilityVersion = "Xcode 9.3";
			developmentRegion = en;
			hasScannedForEncodings = 0;
			knownRegions = (
				en,
				Base,
			);
			mainGroup = 6250EC2A21A693C5004F4F59;
			productRefGroup = 6250EC3421A693C5004F4F59 /* Products */;
			projectDirPath = "";
			projectRoot = "";
			targets = (
				6250EC3221A693C5004F4F59 /* AmbiWidget-IOS */,
				6250EC4621A693C8004F4F59 /* AmbiWidget-IOSTests */,
				6250EC5121A693C8004F4F59 /* AmbiWidget-IOSUITests */,
				6250EC6721A6953E004F4F59 /* TodayExtension */,
			);
		};
/* End PBXProject section */

/* Begin PBXResourcesBuildPhase section */
		6250EC3121A693C5004F4F59 /* Resources */ = {
			isa = PBXResourcesBuildPhase;
			buildActionMask = 2147483647;
			files = (
				CAEA2BF921C3573600907EDB /* Settings.bundle in Resources */,
				6250EC4121A693C7004F4F59 /* LaunchScreen.storyboard in Resources */,
				6250EC3E21A693C7004F4F59 /* Assets.xcassets in Resources */,
				6250EC3C21A693C5004F4F59 /* Main.storyboard in Resources */,
			);
			runOnlyForDeploymentPostprocessing = 0;
		};
		6250EC4521A693C8004F4F59 /* Resources */ = {
			isa = PBXResourcesBuildPhase;
			buildActionMask = 2147483647;
			files = (
			);
			runOnlyForDeploymentPostprocessing = 0;
		};
		6250EC5021A693C8004F4F59 /* Resources */ = {
			isa = PBXResourcesBuildPhase;
			buildActionMask = 2147483647;
			files = (
			);
			runOnlyForDeploymentPostprocessing = 0;
		};
		6250EC6621A6953E004F4F59 /* Resources */ = {
			isa = PBXResourcesBuildPhase;
			buildActionMask = 2147483647;
			files = (
				CA9A980F21C206100015EB39 /* Assets.xcassets in Resources */,
				F107029E21DF653F00FDA207 /* AuthOverlayViewController.xib in Resources */,
				CA9A980421C204190015EB39 /* MainInterface.storyboard in Resources */,
				F1FE7BF121E2FC3B00530492 /* NoDevicesViewController.xib in Resources */,
			);
			runOnlyForDeploymentPostprocessing = 0;
		};
/* End PBXResourcesBuildPhase section */

/* Begin PBXShellScriptBuildPhase section */
		1C661EED03F3660F2430C76D /* [CP] Embed Pods Frameworks */ = {
			isa = PBXShellScriptBuildPhase;
			buildActionMask = 2147483647;
			files = (
			);
			inputFileListPaths = (
			);
			inputPaths = (
				"${SRCROOT}/Pods/Target Support Files/Pods-AmbiWidget-IOS/Pods-AmbiWidget-IOS-frameworks.sh",
				"${BUILT_PRODUCTS_DIR}/PromiseKit/PromiseKit.framework",
			);
			name = "[CP] Embed Pods Frameworks";
			outputFileListPaths = (
			);
			outputPaths = (
				"${TARGET_BUILD_DIR}/${FRAMEWORKS_FOLDER_PATH}/PromiseKit.framework",
			);
			runOnlyForDeploymentPostprocessing = 0;
			shellPath = /bin/sh;
			shellScript = "\"${SRCROOT}/Pods/Target Support Files/Pods-AmbiWidget-IOS/Pods-AmbiWidget-IOS-frameworks.sh\"\n";
			showEnvVarsInLog = 0;
		};
		83596747ABDBCFD0F9A254BC /* [CP] Check Pods Manifest.lock */ = {
			isa = PBXShellScriptBuildPhase;
			buildActionMask = 2147483647;
			files = (
			);
			inputFileListPaths = (
			);
			inputPaths = (
				"${PODS_PODFILE_DIR_PATH}/Podfile.lock",
				"${PODS_ROOT}/Manifest.lock",
			);
			name = "[CP] Check Pods Manifest.lock";
			outputFileListPaths = (
			);
			outputPaths = (
				"$(DERIVED_FILE_DIR)/Pods-TodayExtension-checkManifestLockResult.txt",
			);
			runOnlyForDeploymentPostprocessing = 0;
			shellPath = /bin/sh;
			shellScript = "diff \"${PODS_PODFILE_DIR_PATH}/Podfile.lock\" \"${PODS_ROOT}/Manifest.lock\" > /dev/null\nif [ $? != 0 ] ; then\n    # print error to STDERR\n    echo \"error: The sandbox is not in sync with the Podfile.lock. Run 'pod install' or update your CocoaPods installation.\" >&2\n    exit 1\nfi\n# This output is used by Xcode 'outputs' to avoid re-running this script phase.\necho \"SUCCESS\" > \"${SCRIPT_OUTPUT_FILE_0}\"\n";
			showEnvVarsInLog = 0;
		};
		85C903E9E06CA40152692946 /* [CP] Check Pods Manifest.lock */ = {
			isa = PBXShellScriptBuildPhase;
			buildActionMask = 2147483647;
			files = (
			);
			inputFileListPaths = (
			);
			inputPaths = (
				"${PODS_PODFILE_DIR_PATH}/Podfile.lock",
				"${PODS_ROOT}/Manifest.lock",
			);
			name = "[CP] Check Pods Manifest.lock";
			outputFileListPaths = (
			);
			outputPaths = (
				"$(DERIVED_FILE_DIR)/Pods-AmbiWidget-IOS-checkManifestLockResult.txt",
			);
			runOnlyForDeploymentPostprocessing = 0;
			shellPath = /bin/sh;
			shellScript = "diff \"${PODS_PODFILE_DIR_PATH}/Podfile.lock\" \"${PODS_ROOT}/Manifest.lock\" > /dev/null\nif [ $? != 0 ] ; then\n    # print error to STDERR\n    echo \"error: The sandbox is not in sync with the Podfile.lock. Run 'pod install' or update your CocoaPods installation.\" >&2\n    exit 1\nfi\n# This output is used by Xcode 'outputs' to avoid re-running this script phase.\necho \"SUCCESS\" > \"${SCRIPT_OUTPUT_FILE_0}\"\n";
			showEnvVarsInLog = 0;
		};
		A28C79E7BCAB7968EF9E1BC8 /* [CP] Check Pods Manifest.lock */ = {
			isa = PBXShellScriptBuildPhase;
			buildActionMask = 2147483647;
			files = (
			);
			inputFileListPaths = (
			);
			inputPaths = (
				"${PODS_PODFILE_DIR_PATH}/Podfile.lock",
				"${PODS_ROOT}/Manifest.lock",
			);
			name = "[CP] Check Pods Manifest.lock";
			outputFileListPaths = (
			);
			outputPaths = (
				"$(DERIVED_FILE_DIR)/Pods-AmbiWidget-IOSTests-checkManifestLockResult.txt",
			);
			runOnlyForDeploymentPostprocessing = 0;
			shellPath = /bin/sh;
			shellScript = "diff \"${PODS_PODFILE_DIR_PATH}/Podfile.lock\" \"${PODS_ROOT}/Manifest.lock\" > /dev/null\nif [ $? != 0 ] ; then\n    # print error to STDERR\n    echo \"error: The sandbox is not in sync with the Podfile.lock. Run 'pod install' or update your CocoaPods installation.\" >&2\n    exit 1\nfi\n# This output is used by Xcode 'outputs' to avoid re-running this script phase.\necho \"SUCCESS\" > \"${SCRIPT_OUTPUT_FILE_0}\"\n";
			showEnvVarsInLog = 0;
		};
		DA19D13B24B66B43A422494F /* [CP] Check Pods Manifest.lock */ = {
			isa = PBXShellScriptBuildPhase;
			buildActionMask = 2147483647;
			files = (
			);
			inputFileListPaths = (
			);
			inputPaths = (
				"${PODS_PODFILE_DIR_PATH}/Podfile.lock",
				"${PODS_ROOT}/Manifest.lock",
			);
			name = "[CP] Check Pods Manifest.lock";
			outputFileListPaths = (
			);
			outputPaths = (
				"$(DERIVED_FILE_DIR)/Pods-AmbiWidget-IOSUITests-checkManifestLockResult.txt",
			);
			runOnlyForDeploymentPostprocessing = 0;
			shellPath = /bin/sh;
			shellScript = "diff \"${PODS_PODFILE_DIR_PATH}/Podfile.lock\" \"${PODS_ROOT}/Manifest.lock\" > /dev/null\nif [ $? != 0 ] ; then\n    # print error to STDERR\n    echo \"error: The sandbox is not in sync with the Podfile.lock. Run 'pod install' or update your CocoaPods installation.\" >&2\n    exit 1\nfi\n# This output is used by Xcode 'outputs' to avoid re-running this script phase.\necho \"SUCCESS\" > \"${SCRIPT_OUTPUT_FILE_0}\"\n";
			showEnvVarsInLog = 0;
		};
/* End PBXShellScriptBuildPhase section */

/* Begin PBXSourcesBuildPhase section */
		6250EC2F21A693C5004F4F59 /* Sources */ = {
			isa = PBXSourcesBuildPhase;
			buildActionMask = 2147483647;
			files = (
				CAEA2BFB21C3863900907EDB /* SettingsBundleHelper.swift in Sources */,
				6250EC3921A693C5004F4F59 /* AuthVC.swift in Sources */,
				CA9A978521BA601D0015EB39 /* DeviceStatus.swift in Sources */,
				CA50E54C21B536DB00C852B5 /* APISettings.swift in Sources */,
				CA4EEF2121AD1F4500B33294 /* Token.swift in Sources */,
				CA4C20B121B6758200A23C2A /* Device.swift in Sources */,
				CA4EEF1D21ACEA7B00B33294 /* TokenManager.swift in Sources */,
				CA9A978721C0E8DF0015EB39 /* ComfortLevel.swift in Sources */,
				CAD81EBF21AD3CF20078FD9F /* UserDefaultsKeys.swift in Sources */,
				CA50E54821B4CD8200C852B5 /* NotificationNames.swift in Sources */,
				6250EC3721A693C5004F4F59 /* AppDelegate.swift in Sources */,
				CA50E54A21B5358B00C852B5 /* DeviceManager.swift in Sources */,
				CAA5D82021B8CA0C00D5145B /* ErrorHelper.swift in Sources */,
				CA5F9C5C21B1245D0002C649 /* MainVC.swift in Sources */,
			);
			runOnlyForDeploymentPostprocessing = 0;
		};
		6250EC4321A693C8004F4F59 /* Sources */ = {
			isa = PBXSourcesBuildPhase;
			buildActionMask = 2147483647;
			files = (
				6250EC4C21A693C8004F4F59 /* AmbiWidget_IOSTests.swift in Sources */,
			);
			runOnlyForDeploymentPostprocessing = 0;
		};
		6250EC4E21A693C8004F4F59 /* Sources */ = {
			isa = PBXSourcesBuildPhase;
			buildActionMask = 2147483647;
			files = (
				6250EC5721A693C8004F4F59 /* AmbiWidget_IOSUITests.swift in Sources */,
			);
			runOnlyForDeploymentPostprocessing = 0;
		};
		6250EC6421A6953E004F4F59 /* Sources */ = {
			isa = PBXSourcesBuildPhase;
			buildActionMask = 2147483647;
			files = (
				F107029D21DF653F00FDA207 /* AuthOverlayViewController.swift in Sources */,
				CA9A97F621C203D20015EB39 /* TodayViewController.swift in Sources */,
				CA9A982B21C229690015EB39 /* TokenManager.swift in Sources */,
				F107029621DF00D300FDA207 /* LoadingViewController.swift in Sources */,
				CA9A982921C229690015EB39 /* DeviceStatus.swift in Sources */,
				CA9A982721C229690015EB39 /* Token.swift in Sources */,
				CA9A982521C229690015EB39 /* NotificationNames.swift in Sources */,
				CA9A982621C229690015EB39 /* UserDefaultsKeys.swift in Sources */,
				CA9A981321C20F100015EB39 /* ComfortLevel.swift in Sources */,
				CAEA2BFC21C3870900907EDB /* SettingsBundleHelper.swift in Sources */,
				CA9A981B21C2284A0015EB39 /* DeviceManager.swift in Sources */,
				CA9A982A21C229690015EB39 /* ErrorHelper.swift in Sources */,
				CA3FC16821DF39490000BC09 /* Utils.swift in Sources */,
				CA9A982421C229690015EB39 /* APISettings.swift in Sources */,
				CA9A982821C229690015EB39 /* Device.swift in Sources */,
				CA9A97FA21C204000015EB39 /* User.swift in Sources */,
				CA9A980721C2043B0015EB39 /* DeviceViewModel.swift in Sources */,
				CA9A982E21C229690015EB39 /* AppDelegate.swift in Sources */,
				CA9A980B21C204520015EB39 /* Constants.swift in Sources */,
				F1FE7BF021E2FC3B00530492 /* NoDevicesViewController.swift in Sources */,
			);
			runOnlyForDeploymentPostprocessing = 0;
		};
/* End PBXSourcesBuildPhase section */

/* Begin PBXTargetDependency section */
		6250EC4921A693C8004F4F59 /* PBXTargetDependency */ = {
			isa = PBXTargetDependency;
			target = 6250EC3221A693C5004F4F59 /* AmbiWidget-IOS */;
			targetProxy = 6250EC4821A693C8004F4F59 /* PBXContainerItemProxy */;
		};
		6250EC5421A693C8004F4F59 /* PBXTargetDependency */ = {
			isa = PBXTargetDependency;
			target = 6250EC3221A693C5004F4F59 /* AmbiWidget-IOS */;
			targetProxy = 6250EC5321A693C8004F4F59 /* PBXContainerItemProxy */;
		};
		6250EC7421A6953F004F4F59 /* PBXTargetDependency */ = {
			isa = PBXTargetDependency;
			target = 6250EC6721A6953E004F4F59 /* TodayExtension */;
			targetProxy = 6250EC7321A6953F004F4F59 /* PBXContainerItemProxy */;
		};
/* End PBXTargetDependency section */

/* Begin PBXVariantGroup section */
		6250EC3A21A693C5004F4F59 /* Main.storyboard */ = {
			isa = PBXVariantGroup;
			children = (
				6250EC3B21A693C5004F4F59 /* Base */,
			);
			name = Main.storyboard;
			sourceTree = "<group>";
		};
		6250EC3F21A693C7004F4F59 /* LaunchScreen.storyboard */ = {
			isa = PBXVariantGroup;
			children = (
				6250EC4021A693C7004F4F59 /* Base */,
			);
			name = LaunchScreen.storyboard;
			sourceTree = "<group>";
		};
/* End PBXVariantGroup section */

/* Begin XCBuildConfiguration section */
		6250EC5921A693C8004F4F59 /* Debug */ = {
			isa = XCBuildConfiguration;
			buildSettings = {
				ALWAYS_SEARCH_USER_PATHS = NO;
				CLANG_ANALYZER_NONNULL = YES;
				CLANG_ANALYZER_NUMBER_OBJECT_CONVERSION = YES_AGGRESSIVE;
				CLANG_CXX_LANGUAGE_STANDARD = "gnu++14";
				CLANG_CXX_LIBRARY = "libc++";
				CLANG_ENABLE_MODULES = YES;
				CLANG_ENABLE_OBJC_ARC = YES;
				CLANG_ENABLE_OBJC_WEAK = YES;
				CLANG_WARN_BLOCK_CAPTURE_AUTORELEASING = YES;
				CLANG_WARN_BOOL_CONVERSION = YES;
				CLANG_WARN_COMMA = YES;
				CLANG_WARN_CONSTANT_CONVERSION = YES;
				CLANG_WARN_DEPRECATED_OBJC_IMPLEMENTATIONS = YES;
				CLANG_WARN_DIRECT_OBJC_ISA_USAGE = YES_ERROR;
				CLANG_WARN_DOCUMENTATION_COMMENTS = YES;
				CLANG_WARN_EMPTY_BODY = YES;
				CLANG_WARN_ENUM_CONVERSION = YES;
				CLANG_WARN_INFINITE_RECURSION = YES;
				CLANG_WARN_INT_CONVERSION = YES;
				CLANG_WARN_NON_LITERAL_NULL_CONVERSION = YES;
				CLANG_WARN_OBJC_IMPLICIT_RETAIN_SELF = YES;
				CLANG_WARN_OBJC_LITERAL_CONVERSION = YES;
				CLANG_WARN_OBJC_ROOT_CLASS = YES_ERROR;
				CLANG_WARN_RANGE_LOOP_ANALYSIS = YES;
				CLANG_WARN_STRICT_PROTOTYPES = YES;
				CLANG_WARN_SUSPICIOUS_MOVE = YES;
				CLANG_WARN_UNGUARDED_AVAILABILITY = YES_AGGRESSIVE;
				CLANG_WARN_UNREACHABLE_CODE = YES;
				CLANG_WARN__DUPLICATE_METHOD_MATCH = YES;
				CODE_SIGN_IDENTITY = "iPhone Developer";
				COPY_PHASE_STRIP = NO;
				DEBUG_INFORMATION_FORMAT = dwarf;
				ENABLE_STRICT_OBJC_MSGSEND = YES;
				ENABLE_TESTABILITY = YES;
				GCC_C_LANGUAGE_STANDARD = gnu11;
				GCC_DYNAMIC_NO_PIC = NO;
				GCC_NO_COMMON_BLOCKS = YES;
				GCC_OPTIMIZATION_LEVEL = 0;
				GCC_PREPROCESSOR_DEFINITIONS = (
					"DEBUG=1",
					"$(inherited)",
				);
				GCC_WARN_64_TO_32_BIT_CONVERSION = YES;
				GCC_WARN_ABOUT_RETURN_TYPE = YES_ERROR;
				GCC_WARN_UNDECLARED_SELECTOR = YES;
				GCC_WARN_UNINITIALIZED_AUTOS = YES_AGGRESSIVE;
				GCC_WARN_UNUSED_FUNCTION = YES;
				GCC_WARN_UNUSED_VARIABLE = YES;
				IPHONEOS_DEPLOYMENT_TARGET = 12.1;
				MTL_ENABLE_DEBUG_INFO = INCLUDE_SOURCE;
				MTL_FAST_MATH = YES;
				ONLY_ACTIVE_ARCH = YES;
				SDKROOT = iphoneos;
				SWIFT_ACTIVE_COMPILATION_CONDITIONS = DEBUG;
				SWIFT_OPTIMIZATION_LEVEL = "-Onone";
			};
			name = Debug;
		};
		6250EC5A21A693C8004F4F59 /* Release */ = {
			isa = XCBuildConfiguration;
			buildSettings = {
				ALWAYS_SEARCH_USER_PATHS = NO;
				CLANG_ANALYZER_NONNULL = YES;
				CLANG_ANALYZER_NUMBER_OBJECT_CONVERSION = YES_AGGRESSIVE;
				CLANG_CXX_LANGUAGE_STANDARD = "gnu++14";
				CLANG_CXX_LIBRARY = "libc++";
				CLANG_ENABLE_MODULES = YES;
				CLANG_ENABLE_OBJC_ARC = YES;
				CLANG_ENABLE_OBJC_WEAK = YES;
				CLANG_WARN_BLOCK_CAPTURE_AUTORELEASING = YES;
				CLANG_WARN_BOOL_CONVERSION = YES;
				CLANG_WARN_COMMA = YES;
				CLANG_WARN_CONSTANT_CONVERSION = YES;
				CLANG_WARN_DEPRECATED_OBJC_IMPLEMENTATIONS = YES;
				CLANG_WARN_DIRECT_OBJC_ISA_USAGE = YES_ERROR;
				CLANG_WARN_DOCUMENTATION_COMMENTS = YES;
				CLANG_WARN_EMPTY_BODY = YES;
				CLANG_WARN_ENUM_CONVERSION = YES;
				CLANG_WARN_INFINITE_RECURSION = YES;
				CLANG_WARN_INT_CONVERSION = YES;
				CLANG_WARN_NON_LITERAL_NULL_CONVERSION = YES;
				CLANG_WARN_OBJC_IMPLICIT_RETAIN_SELF = YES;
				CLANG_WARN_OBJC_LITERAL_CONVERSION = YES;
				CLANG_WARN_OBJC_ROOT_CLASS = YES_ERROR;
				CLANG_WARN_RANGE_LOOP_ANALYSIS = YES;
				CLANG_WARN_STRICT_PROTOTYPES = YES;
				CLANG_WARN_SUSPICIOUS_MOVE = YES;
				CLANG_WARN_UNGUARDED_AVAILABILITY = YES_AGGRESSIVE;
				CLANG_WARN_UNREACHABLE_CODE = YES;
				CLANG_WARN__DUPLICATE_METHOD_MATCH = YES;
				CODE_SIGN_IDENTITY = "iPhone Developer";
				COPY_PHASE_STRIP = NO;
				DEBUG_INFORMATION_FORMAT = "dwarf-with-dsym";
				ENABLE_NS_ASSERTIONS = NO;
				ENABLE_STRICT_OBJC_MSGSEND = YES;
				GCC_C_LANGUAGE_STANDARD = gnu11;
				GCC_NO_COMMON_BLOCKS = YES;
				GCC_WARN_64_TO_32_BIT_CONVERSION = YES;
				GCC_WARN_ABOUT_RETURN_TYPE = YES_ERROR;
				GCC_WARN_UNDECLARED_SELECTOR = YES;
				GCC_WARN_UNINITIALIZED_AUTOS = YES_AGGRESSIVE;
				GCC_WARN_UNUSED_FUNCTION = YES;
				GCC_WARN_UNUSED_VARIABLE = YES;
				IPHONEOS_DEPLOYMENT_TARGET = 12.1;
				MTL_ENABLE_DEBUG_INFO = NO;
				MTL_FAST_MATH = YES;
				SDKROOT = iphoneos;
				SWIFT_COMPILATION_MODE = wholemodule;
				SWIFT_OPTIMIZATION_LEVEL = "-O";
				VALIDATE_PRODUCT = YES;
			};
			name = Release;
		};
		6250EC5C21A693C8004F4F59 /* Debug */ = {
			isa = XCBuildConfiguration;
			baseConfigurationReference = 96597C3FEF1FDB0821FF91CA /* Pods-AmbiWidget-IOS.debug.xcconfig */;
			buildSettings = {
				ALWAYS_EMBED_SWIFT_STANDARD_LIBRARIES = YES;
				ASSETCATALOG_COMPILER_APPICON_NAME = AppIcon;
				CODE_SIGN_ENTITLEMENTS = "AmbiWidget-IOS/AmbiWidget-IOS.entitlements";
				CODE_SIGN_IDENTITY = "iPhone Developer: Wilfred Anorma (66S3ZJ5N29)";
				CODE_SIGN_STYLE = Manual;
				DEVELOPMENT_TEAM = FU262YG83M;
				INFOPLIST_FILE = "AmbiWidget-IOS/Info.plist";
				IPHONEOS_DEPLOYMENT_TARGET = 10.0;
				LD_RUNPATH_SEARCH_PATHS = (
					"$(inherited)",
					"@executable_path/Frameworks",
				);
				PRODUCT_BUNDLE_IDENTIFIER = ambicontol.remote.universal.ios;
				PRODUCT_NAME = "$(TARGET_NAME)";
				PROVISIONING_PROFILE_SPECIFIER = "Ambi Control Dev";
				SWIFT_INSTALL_OBJC_HEADER = NO;
				SWIFT_PRECOMPILE_BRIDGING_HEADER = YES;
				SWIFT_VERSION = 4.2;
				TARGETED_DEVICE_FAMILY = "1,2";
			};
			name = Debug;
		};
		6250EC5D21A693C8004F4F59 /* Release */ = {
			isa = XCBuildConfiguration;
			baseConfigurationReference = AD4F2326ED7F65267E65F364 /* Pods-AmbiWidget-IOS.release.xcconfig */;
			buildSettings = {
				ALWAYS_EMBED_SWIFT_STANDARD_LIBRARIES = YES;
				ASSETCATALOG_COMPILER_APPICON_NAME = AppIcon;
				CODE_SIGN_ENTITLEMENTS = "AmbiWidget-IOS/AmbiWidget-IOS.entitlements";
				CODE_SIGN_IDENTITY = "iPhone Developer: Wilfred Anorma (66S3ZJ5N29)";
				CODE_SIGN_STYLE = Manual;
				DEVELOPMENT_TEAM = FU262YG83M;
				INFOPLIST_FILE = "AmbiWidget-IOS/Info.plist";
				IPHONEOS_DEPLOYMENT_TARGET = 10.0;
				LD_RUNPATH_SEARCH_PATHS = (
					"$(inherited)",
					"@executable_path/Frameworks",
				);
				PRODUCT_BUNDLE_IDENTIFIER = ambicontol.remote.universal.ios;
				PRODUCT_NAME = "$(TARGET_NAME)";
				PROVISIONING_PROFILE_SPECIFIER = "Ambi Control Dev";
				SWIFT_INSTALL_OBJC_HEADER = NO;
				SWIFT_PRECOMPILE_BRIDGING_HEADER = YES;
				SWIFT_VERSION = 4.2;
				TARGETED_DEVICE_FAMILY = "1,2";
			};
			name = Release;
		};
		6250EC5F21A693C8004F4F59 /* Debug */ = {
			isa = XCBuildConfiguration;
			baseConfigurationReference = 3D2463CFA2194A34287A6612 /* Pods-AmbiWidget-IOSTests.debug.xcconfig */;
			buildSettings = {
				ALWAYS_EMBED_SWIFT_STANDARD_LIBRARIES = YES;
				BUNDLE_LOADER = "$(TEST_HOST)";
				CODE_SIGN_STYLE = Automatic;
				INFOPLIST_FILE = "AmbiWidget-IOSTests/Info.plist";
				LD_RUNPATH_SEARCH_PATHS = (
					"$(inherited)",
					"@executable_path/Frameworks",
					"@loader_path/Frameworks",
				);
				PRODUCT_BUNDLE_IDENTIFIER = "brandonmilan.tonglaicha.AmbiWidget-IOSTests";
				PRODUCT_NAME = "$(TARGET_NAME)";
				SWIFT_VERSION = 4.2;
				TARGETED_DEVICE_FAMILY = "1,2";
				TEST_HOST = "$(BUILT_PRODUCTS_DIR)/AmbiWidget-IOS.app/AmbiWidget-IOS";
			};
			name = Debug;
		};
		6250EC6021A693C8004F4F59 /* Release */ = {
			isa = XCBuildConfiguration;
			baseConfigurationReference = 968991E4261913952C031F85 /* Pods-AmbiWidget-IOSTests.release.xcconfig */;
			buildSettings = {
				ALWAYS_EMBED_SWIFT_STANDARD_LIBRARIES = YES;
				BUNDLE_LOADER = "$(TEST_HOST)";
				CODE_SIGN_STYLE = Automatic;
				INFOPLIST_FILE = "AmbiWidget-IOSTests/Info.plist";
				LD_RUNPATH_SEARCH_PATHS = (
					"$(inherited)",
					"@executable_path/Frameworks",
					"@loader_path/Frameworks",
				);
				PRODUCT_BUNDLE_IDENTIFIER = "brandonmilan.tonglaicha.AmbiWidget-IOSTests";
				PRODUCT_NAME = "$(TARGET_NAME)";
				SWIFT_VERSION = 4.2;
				TARGETED_DEVICE_FAMILY = "1,2";
				TEST_HOST = "$(BUILT_PRODUCTS_DIR)/AmbiWidget-IOS.app/AmbiWidget-IOS";
			};
			name = Release;
		};
		6250EC6221A693C8004F4F59 /* Debug */ = {
			isa = XCBuildConfiguration;
			baseConfigurationReference = F21704173721C9BC24A0A410 /* Pods-AmbiWidget-IOSUITests.debug.xcconfig */;
			buildSettings = {
				ALWAYS_EMBED_SWIFT_STANDARD_LIBRARIES = YES;
				CODE_SIGN_STYLE = Automatic;
				INFOPLIST_FILE = "AmbiWidget-IOSUITests/Info.plist";
				LD_RUNPATH_SEARCH_PATHS = (
					"$(inherited)",
					"@executable_path/Frameworks",
					"@loader_path/Frameworks",
				);
				PRODUCT_BUNDLE_IDENTIFIER = "brandonmilan.tonglaicha.AmbiWidget-IOSUITests";
				PRODUCT_NAME = "$(TARGET_NAME)";
				SWIFT_VERSION = 4.2;
				TARGETED_DEVICE_FAMILY = "1,2";
				TEST_TARGET_NAME = "AmbiWidget-IOS";
			};
			name = Debug;
		};
		6250EC6321A693C8004F4F59 /* Release */ = {
			isa = XCBuildConfiguration;
			baseConfigurationReference = 2725308ED43BFCE885489656 /* Pods-AmbiWidget-IOSUITests.release.xcconfig */;
			buildSettings = {
				ALWAYS_EMBED_SWIFT_STANDARD_LIBRARIES = YES;
				CODE_SIGN_STYLE = Automatic;
				INFOPLIST_FILE = "AmbiWidget-IOSUITests/Info.plist";
				LD_RUNPATH_SEARCH_PATHS = (
					"$(inherited)",
					"@executable_path/Frameworks",
					"@loader_path/Frameworks",
				);
				PRODUCT_BUNDLE_IDENTIFIER = "brandonmilan.tonglaicha.AmbiWidget-IOSUITests";
				PRODUCT_NAME = "$(TARGET_NAME)";
				SWIFT_VERSION = 4.2;
				TARGETED_DEVICE_FAMILY = "1,2";
				TEST_TARGET_NAME = "AmbiWidget-IOS";
			};
			name = Release;
		};
		6250EC7621A6953F004F4F59 /* Debug */ = {
			isa = XCBuildConfiguration;
			baseConfigurationReference = 54A6F692AD3C44B94E620756 /* Pods-TodayExtension.debug.xcconfig */;
			buildSettings = {
				CLANG_ENABLE_MODULES = YES;
				CODE_SIGN_ENTITLEMENTS = TodayExtension/TodayExtension.entitlements;
				CODE_SIGN_STYLE = Manual;
				DEVELOPMENT_TEAM = FU262YG83M;
				INFOPLIST_FILE = TodayExtension/Info.plist;
				LD_RUNPATH_SEARCH_PATHS = (
					"$(inherited)",
					"@executable_path/Frameworks",
					"@executable_path/../../Frameworks",
				);
				PRODUCT_BUNDLE_IDENTIFIER = ambicontol.remote.universal.ios.widget;
				PRODUCT_NAME = "$(TARGET_NAME)";
				PROVISIONING_PROFILE_SPECIFIER = "Ambi Control Widget";
				SKIP_INSTALL = YES;
				SWIFT_INSTALL_OBJC_HEADER = NO;
				SWIFT_OBJC_BRIDGING_HEADER = "TodayExtension/Controllers/TodayExtension-Bridging-Header.h";
				SWIFT_OPTIMIZATION_LEVEL = "-Onone";
				SWIFT_VERSION = 4.2;
				TARGETED_DEVICE_FAMILY = "1,2";
			};
			name = Debug;
		};
		6250EC7721A6953F004F4F59 /* Release */ = {
			isa = XCBuildConfiguration;
			baseConfigurationReference = 8D78059D252FD86DC0C1215F /* Pods-TodayExtension.release.xcconfig */;
			buildSettings = {
				CLANG_ENABLE_MODULES = YES;
				CODE_SIGN_ENTITLEMENTS = TodayExtension/TodayExtension.entitlements;
				CODE_SIGN_STYLE = Manual;
				DEVELOPMENT_TEAM = FU262YG83M;
				INFOPLIST_FILE = TodayExtension/Info.plist;
				LD_RUNPATH_SEARCH_PATHS = (
					"$(inherited)",
					"@executable_path/Frameworks",
					"@executable_path/../../Frameworks",
				);
				PRODUCT_BUNDLE_IDENTIFIER = ambicontol.remote.universal.ios.widget;
				PRODUCT_NAME = "$(TARGET_NAME)";
				PROVISIONING_PROFILE_SPECIFIER = "Ambi Control Widget";
				SKIP_INSTALL = YES;
				SWIFT_INSTALL_OBJC_HEADER = NO;
				SWIFT_OBJC_BRIDGING_HEADER = "TodayExtension/Controllers/TodayExtension-Bridging-Header.h";
				SWIFT_VERSION = 4.2;
				TARGETED_DEVICE_FAMILY = "1,2";
			};
			name = Release;
		};
/* End XCBuildConfiguration section */

/* Begin XCConfigurationList section */
		6250EC2E21A693C5004F4F59 /* Build configuration list for PBXProject "AmbiWidget-IOS" */ = {
			isa = XCConfigurationList;
			buildConfigurations = (
				6250EC5921A693C8004F4F59 /* Debug */,
				6250EC5A21A693C8004F4F59 /* Release */,
			);
			defaultConfigurationIsVisible = 0;
			defaultConfigurationName = Release;
		};
		6250EC5B21A693C8004F4F59 /* Build configuration list for PBXNativeTarget "AmbiWidget-IOS" */ = {
			isa = XCConfigurationList;
			buildConfigurations = (
				6250EC5C21A693C8004F4F59 /* Debug */,
				6250EC5D21A693C8004F4F59 /* Release */,
			);
			defaultConfigurationIsVisible = 0;
			defaultConfigurationName = Release;
		};
		6250EC5E21A693C8004F4F59 /* Build configuration list for PBXNativeTarget "AmbiWidget-IOSTests" */ = {
			isa = XCConfigurationList;
			buildConfigurations = (
				6250EC5F21A693C8004F4F59 /* Debug */,
				6250EC6021A693C8004F4F59 /* Release */,
			);
			defaultConfigurationIsVisible = 0;
			defaultConfigurationName = Release;
		};
		6250EC6121A693C8004F4F59 /* Build configuration list for PBXNativeTarget "AmbiWidget-IOSUITests" */ = {
			isa = XCConfigurationList;
			buildConfigurations = (
				6250EC6221A693C8004F4F59 /* Debug */,
				6250EC6321A693C8004F4F59 /* Release */,
			);
			defaultConfigurationIsVisible = 0;
			defaultConfigurationName = Release;
		};
		6250EC7821A6953F004F4F59 /* Build configuration list for PBXNativeTarget "TodayExtension" */ = {
			isa = XCConfigurationList;
			buildConfigurations = (
				6250EC7621A6953F004F4F59 /* Debug */,
				6250EC7721A6953F004F4F59 /* Release */,
			);
			defaultConfigurationIsVisible = 0;
			defaultConfigurationName = Release;
		};
/* End XCConfigurationList section */
	};
	rootObject = 6250EC2B21A693C5004F4F59 /* Project object */;
}
